{
  "name": "cfn-modules-vpc-example",
  "version": "0.0.0",
  "lockfileVersion": 1,
  "requires": true,
  "dependencies": {
    "@cfn-modules/alerting": {
      "version": "0.0.4",
      "resolved": "https://registry.npmjs.org/@cfn-modules/alerting/-/alerting-0.0.4.tgz",
      "integrity": "sha512-rqSAdx6w17QlhbnPXjc121KE9QtClqhw7TCb+sVLp/HUlYfwN9UjbGM6nT9IgiODKjkfFdhuvsiTBm0NsSQ3dg=="
    },
    "@cfn-modules/ec2-instance-amazon-linux": {
      "version": "0.0.5",
      "resolved": "https://registry.npmjs.org/@cfn-modules/ec2-instance-amazon-linux/-/ec2-instance-amazon-linux-0.0.5.tgz",
      "integrity": "sha512-GFqp2JL7HBgAZwDObjVBEnzKfZoF0aZ/UeT8lS8m81giCRyic38M1bvPK15AoNxkBT5NLHWQhAHr+RpAs5hK7A=="
    },
    "@cfn-modules/route53-hosted-zone-public": {
      "version": "0.0.3",
      "resolved": "https://registry.npmjs.org/@cfn-modules/route53-hosted-zone-public/-/route53-hosted-zone-public-0.0.3.tgz",
      "integrity": "sha512-kBes7JVvlSCzY0try8d3q0EDOYVd5xm/oaCgTU2TzNkz15h5G4hA5PE01avVx4SWPzR3TB6MdCKNYxcrvzyVgA=="
    },
    "@cfn-modules/ssh-bastion": {
      "version": "0.0.4",
      "resolved": "https://registry.npmjs.org/@cfn-modules/ssh-bastion/-/ssh-bastion-0.0.4.tgz",
      "integrity": "sha512-QT4f++tTjilEF8CThQaqe5pVkDvSFYSkm3MK1gCeN30CBe4hpAupMfU58hkrrCVwEAnZlSta+xedlSH4e2l77Q=="
    },
    "@cfn-modules/vpc": {
      "version": "0.0.23",
      "resolved": "https://registry.npmjs.org/@cfn-modules/vpc/-/vpc-0.0.23.tgz",
      "integrity": "sha512-OhDW1YJNRvwwOSgGDR0DksBSxymguD/Lu7VvhM1t55CsPewAeaU0y1kpZMO8V3MmQJDX42e3svmCYE6Y/m6cmQ==",
      "requires": {
        "@cfn-modules/vpc-flow-log": "0.0.4",
        "@cfn-modules/vpc-nat-gateway": "0.0.3",
        "@cfn-modules/vpc-plain": "0.0.5",
        "@cfn-modules/vpc-subnet": "0.0.8"
      }
    },
    "@cfn-modules/vpc-flow-log": {
      "version": "0.0.4",
      "resolved": "https://registry.npmjs.org/@cfn-modules/vpc-flow-log/-/vpc-flow-log-0.0.4.tgz",
      "integrity": "sha512-X+gBp1MPNwy6hhxK/lh/+q+EUXwqEh7aTZ1+TTkK2eOzvraRoFEBi8HCiIf4N87Eni/nBB9OluaA0Z099aMJ3Q=="
    },
    "@cfn-modules/vpc-nat-gateway": {
      "version": "0.0.3",
      "resolved": "https://registry.npmjs.org/@cfn-modules/vpc-nat-gateway/-/vpc-nat-gateway-0.0.3.tgz",
      "integrity": "sha512-6ubYtmCpgTPRUHxcXPl9vTGcWi832u4A+Olp/xKZGVii5SBgAyVpp1weh1TrfczVq6U3SBdPS9lSPHH2n9itMg=="
    },
    "@cfn-modules/vpc-plain": {
      "version": "0.0.5",
      "resolved": "https://registry.npmjs.org/@cfn-modules/vpc-plain/-/vpc-plain-0.0.5.tgz",
      "integrity": "sha512-4eDb8/XOSXpO8GIL8zjSOT9KWwm0pngIVtcr8f/vZzDGNhvHrOQ29/TB9sNTw0iFYC43rhewFAWbRnsJluhuCw=="
    },
    "@cfn-modules/vpc-subnet": {
      "version": "0.0.8",
      "resolved": "https://registry.npmjs.org/@cfn-modules/vpc-subnet/-/vpc-subnet-0.0.8.tgz",
      "integrity": "sha512-jvAyxF3ohXSOXM5VtqRVDTE7tZcPf8779F3pZX4vlnR/ST93/SUAF97DhpY7udSbbp5KKpxxUamGbN4QJUX0Lw=="
    }
  }
}
