{
  "name": "cfn-modules-vpc-example",
  "version": "0.0.0",
  "lockfileVersion": 1,
  "requires": true,
  "dependencies": {
    "@cfn-modules/alerting": {
      "version": "0.0.5",
      "resolved": "https://registry.npmjs.org/@cfn-modules/alerting/-/alerting-0.0.5.tgz",
      "integrity": "sha512-gdvzIDHTQtW39tT+CXiUFKiCnIGJKgYNrWLeomJdnnIC3I7c4m6H49B2UPYbZw4aqqcNuKvA10ZO6VO3uZBxFg=="
    },
    "@cfn-modules/ec2-instance-amazon-linux": {
      "version": "0.0.7",
      "resolved": "https://registry.npmjs.org/@cfn-modules/ec2-instance-amazon-linux/-/ec2-instance-amazon-linux-0.0.7.tgz",
      "integrity": "sha512-GmIJvy8FbJJdxubOVrgbPw7OoPyZMUpQEMKFHPrSKyUVSjBPHVoTv8kulWB/LfTGJGfkrLwqjcHWxrf5fmk1pQ=="
    },
    "@cfn-modules/route53-hosted-zone-public": {
      "version": "0.0.4",
      "resolved": "https://registry.npmjs.org/@cfn-modules/route53-hosted-zone-public/-/route53-hosted-zone-public-0.0.4.tgz",
      "integrity": "sha512-/fYlRxqVponWAFWhi74itqWVqQ1GEu8C0LNS6y0qKO9YK4eDDW1QFoqnOFDwOCVtdwQSxu8EY6LfDZSSE/DnAg=="
    },
    "@cfn-modules/ssh-bastion": {
      "version": "0.0.5",
      "resolved": "https://registry.npmjs.org/@cfn-modules/ssh-bastion/-/ssh-bastion-0.0.5.tgz",
      "integrity": "sha512-eDv9sHfOa4JVOHSHxY16iw7PFsX2wETcco3M3LLyoMPBbtLNsLQ+qKQZMtwbAN5Zz/F1qP3mu3L9+gE+1sGOVg=="
    },
    "@cfn-modules/vpc": {
      "version": "0.0.24",
      "resolved": "https://registry.npmjs.org/@cfn-modules/vpc/-/vpc-0.0.24.tgz",
      "integrity": "sha512-07qzNfDgYrjfZbe0O0+2AUOdoi4uK1lkfjFViewUtEMPFvpFag1HX7zepq4qSC9q8kL9oEPid7XiRgUv8tEuew==",
      "requires": {
        "@cfn-modules/vpc-flow-log": "0.0.5",
        "@cfn-modules/vpc-nat-gateway": "0.0.4",
        "@cfn-modules/vpc-plain": "0.0.6",
        "@cfn-modules/vpc-subnet": "0.0.9"
      }
    },
    "@cfn-modules/vpc-flow-log": {
      "version": "0.0.5",
      "resolved": "https://registry.npmjs.org/@cfn-modules/vpc-flow-log/-/vpc-flow-log-0.0.5.tgz",
      "integrity": "sha512-sIeKNRUv+BHWlUqcX3SQryW4q2j7KWhf61f7i8A4AanL10Qmtx+kBNwpzTOcaJzLfrj8oxn5QKy6zcjc5gCmQg=="
    },
    "@cfn-modules/vpc-nat-gateway": {
      "version": "0.0.4",
      "resolved": "https://registry.npmjs.org/@cfn-modules/vpc-nat-gateway/-/vpc-nat-gateway-0.0.4.tgz",
      "integrity": "sha512-tDOilBnGHUl6/xMO5jNKFVyjVf2oo6QanhN23MmtRjUetUygTco5FTpmvdCdra1io901IzBueyfh9qF4+N9Gfg=="
    },
    "@cfn-modules/vpc-plain": {
      "version": "0.0.6",
      "resolved": "https://registry.npmjs.org/@cfn-modules/vpc-plain/-/vpc-plain-0.0.6.tgz",
      "integrity": "sha512-0S5i8e+O3kJt/n2a3q6ovwBBGrZYY7PI6en4aqX7Q28G7fjLvazerUXHNDs2UIB8G7zxJOD103R8a3ae1V7k3Q=="
    },
    "@cfn-modules/vpc-subnet": {
      "version": "0.0.9",
      "resolved": "https://registry.npmjs.org/@cfn-modules/vpc-subnet/-/vpc-subnet-0.0.9.tgz",
      "integrity": "sha512-WCvVYRVEUD0sftoMfJaHvsJ/Dp22Zmj4IuxabYA3p61O96NrwIKdjHqPSc8bT2IrsXsFUGlm5I9/5va+7E783w=="
    }
  }
}
