{
  "name": "cfn-modules-fargate-alb-service-to-service-example",
  "version": "1.0.0",
  "lockfileVersion": 1,
  "requires": true,
  "dependencies": {
    "@cfn-modules/alb": {
      "version": "1.0.4",
      "resolved": "https://registry.npmjs.org/@cfn-modules/alb/-/alb-1.0.4.tgz",
      "integrity": "sha512-eeuHmxFSU60lw0xjZ0syLRbFqUV1qO94azO9Hr9/RASneD2yGvFWO2wS6XzezXS5//HwTv+rW3iskUWwi/8vfA=="
    },
    "@cfn-modules/alb-listener": {
      "version": "1.1.0",
      "resolved": "https://registry.npmjs.org/@cfn-modules/alb-listener/-/alb-listener-1.1.0.tgz",
      "integrity": "sha512-4n7q9KT9awLN4rDHzkZUCr1kRrHIYvmri0IGjTGf/QE917z8zKgZYPud1oXhocGziM5nuDpwSm718TB0Z+//6w=="
    },
    "@cfn-modules/alerting": {
      "version": "1.2.0",
      "resolved": "https://registry.npmjs.org/@cfn-modules/alerting/-/alerting-1.2.0.tgz",
      "integrity": "sha512-k1j5uocjzDIMZ4waEVmxsLgJzysFeOb9ibWOEKxKXT7lRceFbNSmv/6cx2Qpc61HagCoCpK6Hrv11n2XPaec/g=="
    },
    "@cfn-modules/client-sg": {
      "version": "1.0.0",
      "resolved": "https://registry.npmjs.org/@cfn-modules/client-sg/-/client-sg-1.0.0.tgz",
      "integrity": "sha512-onauCbqqXYn/coJhdwvpcZU8XK9WZwA66AChsSQwSBBj+JLvByTXXRep7x/hWL11JQ7eIjOuDKsF8GK1D22Tjw=="
    },
    "@cfn-modules/ecs-alb-target": {
      "version": "1.3.0",
      "resolved": "https://registry.npmjs.org/@cfn-modules/ecs-alb-target/-/ecs-alb-target-1.3.0.tgz",
      "integrity": "sha512-Zjo4xYWhrLawoYMOfK4bX+qItOUhIfZ4S8hW4sum8ZH5nitx0BaGPN2To2CeItuDmfdSsDv/vRrxANViXuV+zQ=="
    },
    "@cfn-modules/ecs-cluster": {
      "version": "1.1.0",
      "resolved": "https://registry.npmjs.org/@cfn-modules/ecs-cluster/-/ecs-cluster-1.1.0.tgz",
      "integrity": "sha512-Kai7lgLjUBHznkOl6iqY2daTOLAOwOMaB/Vl5PdBFuhdIsqLubfVSJ0GdRuowgGPoWsq4ubmI4JVgJdzh13rDA=="
    },
    "@cfn-modules/fargate-service": {
      "version": "2.7.0",
      "resolved": "https://registry.npmjs.org/@cfn-modules/fargate-service/-/fargate-service-2.7.0.tgz",
      "integrity": "sha512-w16m1Uj+lRMPe1eq2qFpElaZffErscrrpPFvSpQL85JqYrERG1QjysWcicpaRS45mbC1eAt4GhbPJKarvIEC2w=="
    },
    "@cfn-modules/vpc": {
      "version": "1.3.0",
      "resolved": "https://registry.npmjs.org/@cfn-modules/vpc/-/vpc-1.3.0.tgz",
      "integrity": "sha512-EqTbS1zT+3B+ZjANv5z8QfMMIKl1beSTY084jIyW+bSy9I61Okwh+6ULJ7QPFKlEvrLLHhOLczUwe+TwmLAFWA==",
      "requires": {
        "@cfn-modules/vpc-flow-log": "*",
        "@cfn-modules/vpc-nat-gateway": "*",
        "@cfn-modules/vpc-plain": "*",
        "@cfn-modules/vpc-subnet": "*"
      },
      "dependencies": {
        "@cfn-modules/vpc-flow-log": {
          "version": "1.1.0",
          "bundled": true
        },
        "@cfn-modules/vpc-nat-gateway": {
          "version": "1.1.0",
          "bundled": true
        },
        "@cfn-modules/vpc-plain": {
          "version": "1.0.0",
          "bundled": true
        },
        "@cfn-modules/vpc-subnet": {
          "version": "1.0.0",
          "bundled": true
        }
      }
    }
  }
}
