{
  "name": "cfn-modules-serverless-example",
  "version": "0.0.0",
  "lockfileVersion": 1,
  "requires": true,
  "dependencies": {
    "@cfn-modules/alerting": {
      "version": "0.0.4",
      "resolved": "https://registry.npmjs.org/@cfn-modules/alerting/-/alerting-0.0.4.tgz",
      "integrity": "sha512-rqSAdx6w17QlhbnPXjc121KE9QtClqhw7TCb+sVLp/HUlYfwN9UjbGM6nT9IgiODKjkfFdhuvsiTBm0NsSQ3dg=="
    },
    "@cfn-modules/dynamodb-table": {
      "version": "0.0.4",
      "resolved": "https://registry.npmjs.org/@cfn-modules/dynamodb-table/-/dynamodb-table-0.0.4.tgz",
      "integrity": "sha512-r9JMOAKHFgzagybpinFT9czLGB9UBqSkBCoG1sB9BHF4arUcl4S/G4XB3i4d0OA4dCMjXFBUcfOu6EejJVnXpQ=="
    },
    "@cfn-modules/kms-key": {
      "version": "0.0.2",
      "resolved": "https://registry.npmjs.org/@cfn-modules/kms-key/-/kms-key-0.0.2.tgz",
      "integrity": "sha512-PK31Lal3jBRLGB2WZ8Foy86wl96gpfdkJd0wKLv4WGRWeukqXmzTD6WvLOkkkX2GVwjWpYLaEA2jdra4G/wA8w=="
    },
    "@cfn-modules/lambda-function": {
      "version": "0.0.15",
      "resolved": "https://registry.npmjs.org/@cfn-modules/lambda-function/-/lambda-function-0.0.15.tgz",
      "integrity": "sha512-QGSBasGpsjCRGFABs0mkj/rqipZaxIgDJEwLCAXjyN5FYJf4X/0lKamEKxHx3NqKKmJafVgvEro/o/6mw7gQqQ=="
    },
    "@cfn-modules/s3-bucket": {
      "version": "0.0.6",
      "resolved": "https://registry.npmjs.org/@cfn-modules/s3-bucket/-/s3-bucket-0.0.6.tgz",
      "integrity": "sha512-RdOsqsYWQvQ5iXiMACOvDrUPI4G7yGN4h5TUovavqYFXFt6jqnuBpLqkNYcbC9OVr2MGWdPh/VVxxBSvqDe20g=="
    },
    "@cfn-modules/sqs-queue": {
      "version": "0.0.7",
      "resolved": "https://registry.npmjs.org/@cfn-modules/sqs-queue/-/sqs-queue-0.0.7.tgz",
      "integrity": "sha512-4azbkK6AUhiJDj65dC4IR5S6IajYdUhRCWjk67IAjX83e5B64TL0uZ9rVMup4ZLcis+M+jD+O6Lxt97Gt2M6Yg=="
    }
  }
}
