{
  "name": "cfn-modules-serverless-image-resize-example",
  "version": "1.0.0",
  "lockfileVersion": 1,
  "requires": true,
  "dependencies": {
    "@cfn-modules/alerting": {
      "version": "1.2.2",
      "resolved": "https://registry.npmjs.org/@cfn-modules/alerting/-/alerting-1.2.2.tgz",
      "integrity": "sha512-IcATzZdaYtjuiwuxFG0hNoTXn33T5Zkgf6P97P8LW59dgYTbmcuT4Vo5xgTnyPGrcbB+V0eHFpFtpiT1JDhU5w=="
    },
    "@cfn-modules/lambda-function": {
      "version": "2.9.0",
      "resolved": "https://registry.npmjs.org/@cfn-modules/lambda-function/-/lambda-function-2.9.0.tgz",
      "integrity": "sha512-OEIwC5gvB8TV6kSbztQ5OzpmdWwzSNGblroZUkAH/OJicgttKrev6hUHWT6wjqvldoc423Cj0gzi2CBNOMctDQ=="
    },
    "@cfn-modules/s3-bucket": {
      "version": "1.6.0",
      "resolved": "https://registry.npmjs.org/@cfn-modules/s3-bucket/-/s3-bucket-1.6.0.tgz",
      "integrity": "sha512-AWaYMRjTuaJBn5niLfGWTszqxBiglBmSmquCbYKNyguodmewR8dqYoq+s7+PFjG2QiAYVfSFVjRAi/7BCjtuDw=="
    },
    "@cfn-modules/sqs-queue": {
      "version": "1.2.0",
      "resolved": "https://registry.npmjs.org/@cfn-modules/sqs-queue/-/sqs-queue-1.2.0.tgz",
      "integrity": "sha512-6PbaEzQcP6Ye896UHFAVO4n39yisHruiUR3cr6aYpUnc6ihBMYlX/UVC1VcvpuhSZxz+YnkjArC8x/ouqm3YoA=="
    }
  }
}
