{
  "name": "cfn-modules-serverless-image-resize-example",
  "version": "0.0.0",
  "lockfileVersion": 1,
  "requires": true,
  "dependencies": {
    "@cfn-modules/lambda-function": {
      "version": "0.0.16",
      "resolved": "https://registry.npmjs.org/@cfn-modules/lambda-function/-/lambda-function-0.0.16.tgz",
      "integrity": "sha512-N7KXKhRltCz85WzF3OiaB6NEyxoJPkhPpXSfnPQQyyid1Sjk7AKac9ZHDXFdBO6nzGEj5NPuUOd/JUEe+YBDIA=="
    },
    "@cfn-modules/s3-bucket": {
      "version": "0.0.7",
      "resolved": "https://registry.npmjs.org/@cfn-modules/s3-bucket/-/s3-bucket-0.0.7.tgz",
      "integrity": "sha512-0ZK5s5qwsVVAz1bd2JSSkxHA8MWrGvEW8dkmdU7DIxtM2QYEBrNd1eCZWEO3YrDAkpXH2e02Su4WyWu+AMU/pw=="
    },
    "@cfn-modules/sqs-queue": {
      "version": "0.0.8",
      "resolved": "https://registry.npmjs.org/@cfn-modules/sqs-queue/-/sqs-queue-0.0.8.tgz",
      "integrity": "sha512-Vtl7W8E35tPua958rV7oxERxHh2tm1qzMVyZCxnhL1NUbZtZrPsuRFHkPStl4M80fu+pm5nxS+MzxfHaTtZ33w=="
    }
  }
}
