{
  "name": "cfn-modules-asg-singleton-ssm-example",
  "version": "1.0.0",
  "lockfileVersion": 1,
  "requires": true,
  "dependencies": {
    "@cfn-modules/alerting": {
      "version": "1.2.2",
      "resolved": "https://registry.npmjs.org/@cfn-modules/alerting/-/alerting-1.2.2.tgz",
      "integrity": "sha512-IcATzZdaYtjuiwuxFG0hNoTXn33T5Zkgf6P97P8LW59dgYTbmcuT4Vo5xgTnyPGrcbB+V0eHFpFtpiT1JDhU5w=="
    },
    "@cfn-modules/asg-singleton-amazon-linux2": {
      "version": "2.3.0",
      "resolved": "https://registry.npmjs.org/@cfn-modules/asg-singleton-amazon-linux2/-/asg-singleton-amazon-linux2-2.3.0.tgz",
      "integrity": "sha512-J+pzAbw0NYKtE/9px8Z+9PMtmc1UugQDX7BrUsbRI0RI5/QkYVdEsLIdJARS8RCPEIdkOQpY6AJ2KUWiLHaQVQ=="
    },
    "@cfn-modules/vpc": {
      "version": "1.3.2",
      "resolved": "https://registry.npmjs.org/@cfn-modules/vpc/-/vpc-1.3.2.tgz",
      "integrity": "sha512-zZkUHAdot8QLobbdT0yLcooRpeJLKJEu0fhVLeDOntkikaAA9MrE/OEke310u8gCYh+hmRrzPcaSzj+h9oPenA==",
      "requires": {
        "@cfn-modules/vpc-flow-log": "*",
        "@cfn-modules/vpc-nat-gateway": "*",
        "@cfn-modules/vpc-plain": "*",
        "@cfn-modules/vpc-subnet": "*"
      },
      "dependencies": {
        "@cfn-modules/vpc-flow-log": {
          "version": "1.1.0",
          "bundled": true
        },
        "@cfn-modules/vpc-nat-gateway": {
          "version": "1.1.2",
          "bundled": true
        },
        "@cfn-modules/vpc-plain": {
          "version": "1.0.0",
          "bundled": true
        },
        "@cfn-modules/vpc-subnet": {
          "version": "1.0.0",
          "bundled": true
        }
      }
    }
  }
}
