{
  "name": "cfn-modules-asg-singleton-ssm-example",
  "version": "0.0.0",
  "lockfileVersion": 1,
  "requires": true,
  "dependencies": {
    "@cfn-modules/alerting": {
      "version": "1.1.0",
      "resolved": "https://registry.npmjs.org/@cfn-modules/alerting/-/alerting-1.1.0.tgz",
      "integrity": "sha512-LxonieUyka5JTUGGwsweeO3+Eo6+hw8qTHGXDA9k2ZToXwBl6zq69JJUa2M0keTYs/tbqEo4IGXxPOQ//5n3kg=="
    },
    "@cfn-modules/asg-singleton-amazon-linux2": {
      "version": "2.2.0",
      "resolved": "https://registry.npmjs.org/@cfn-modules/asg-singleton-amazon-linux2/-/asg-singleton-amazon-linux2-2.2.0.tgz",
      "integrity": "sha512-+8XbPEeYEg4ikOxtFNQkpJKPmzRKNE+MIf9x9mYAVZ7FfcbHdQ2NxJWTKKfumxY9FzWmKXtwVZFAu/6mHpnmPg=="
    },
    "@cfn-modules/vpc": {
      "version": "1.1.1",
      "resolved": "https://registry.npmjs.org/@cfn-modules/vpc/-/vpc-1.1.1.tgz",
      "integrity": "sha512-b3zhci0dnHGTiFO7DaOb7a9nId2wAoRH5jnViPTrUlHBKEKOGu+9u7W+j/oMgaJRT4sNJ3AqPMgj535Dd90q6Q==",
      "requires": {
        "@cfn-modules/vpc-flow-log": "*",
        "@cfn-modules/vpc-nat-gateway": "*",
        "@cfn-modules/vpc-plain": "*",
        "@cfn-modules/vpc-subnet": "*"
      },
      "dependencies": {
        "@cfn-modules/vpc-flow-log": {
          "version": "1.1.0",
          "bundled": true
        },
        "@cfn-modules/vpc-nat-gateway": {
          "version": "1.0.0",
          "bundled": true
        },
        "@cfn-modules/vpc-plain": {
          "version": "1.0.0",
          "bundled": true
        },
        "@cfn-modules/vpc-subnet": {
          "version": "1.0.0",
          "bundled": true
        }
      }
    }
  }
}
