{
  "name": "cfn-modules-ec2-efs-example",
  "version": "0.0.0",
  "lockfileVersion": 1,
  "requires": true,
  "dependencies": {
    "@cfn-modules/client-sg": {
      "version": "0.0.1",
      "resolved": "https://registry.npmjs.org/@cfn-modules/client-sg/-/client-sg-0.0.1.tgz",
      "integrity": "sha512-CcGGSGaaFi3/79kPCchcgNm/otuZPM3VsP1ELKqSwRuShWFNCp+s00TyyPp5bW+CL3YJ42itnR4rpMYZ+IzC1g=="
    },
    "@cfn-modules/ec2-instance-amazon-linux": {
      "version": "0.0.17",
      "resolved": "https://registry.npmjs.org/@cfn-modules/ec2-instance-amazon-linux/-/ec2-instance-amazon-linux-0.0.17.tgz",
      "integrity": "sha512-Pp6kguFbA32JRbe9JaLm1IRI7tQ3oCyCM1YCVBcU2Sv+yEt0rHQF8fjBzdUtcs0PU2ByDsObYrXZxImlV2GDxQ=="
    },
    "@cfn-modules/efs-file-system": {
      "version": "0.0.2",
      "resolved": "https://registry.npmjs.org/@cfn-modules/efs-file-system/-/efs-file-system-0.0.2.tgz",
      "integrity": "sha512-umHznQ/xV86CTaR91WWTWUdVcpZs2fO6yIdW1VIu1JGzndlrQjXWy7UXTICvPDu+rXImyePiSKpVredHVa9nGQ=="
    },
    "@cfn-modules/vpc": {
      "version": "0.0.30",
      "resolved": "https://registry.npmjs.org/@cfn-modules/vpc/-/vpc-0.0.30.tgz",
      "integrity": "sha512-uzLTiuGmUrc0Hpqd9z0FFkdq3zpS1UgrBiNHVULKgllI5Fq2CoODc+41BulbPTyyJDsqac08rpR29Zs8ADPCyw==",
      "requires": {
        "@cfn-modules/vpc-flow-log": "0.0.5",
        "@cfn-modules/vpc-nat-gateway": "0.0.4",
        "@cfn-modules/vpc-plain": "0.0.6",
        "@cfn-modules/vpc-subnet": "0.0.10"
      },
      "dependencies": {
        "@cfn-modules/vpc-flow-log": {
          "version": "0.0.5",
          "bundled": true
        },
        "@cfn-modules/vpc-nat-gateway": {
          "version": "0.0.4",
          "bundled": true
        },
        "@cfn-modules/vpc-plain": {
          "version": "0.0.6",
          "bundled": true
        },
        "@cfn-modules/vpc-subnet": {
          "version": "0.0.10",
          "bundled": true
        }
      }
    }
  }
}
