{
  "name": "cfn-modules-msk-example",
  "version": "1.0.0",
  "lockfileVersion": 1,
  "requires": true,
  "dependencies": {
    "@cfn-modules/alerting": {
      "version": "1.2.2",
      "resolved": "https://registry.npmjs.org/@cfn-modules/alerting/-/alerting-1.2.2.tgz",
      "integrity": "sha512-IcATzZdaYtjuiwuxFG0hNoTXn33T5Zkgf6P97P8LW59dgYTbmcuT4Vo5xgTnyPGrcbB+V0eHFpFtpiT1JDhU5w=="
    },
    "@cfn-modules/client-sg": {
      "version": "1.0.0",
      "resolved": "https://registry.npmjs.org/@cfn-modules/client-sg/-/client-sg-1.0.0.tgz",
      "integrity": "sha512-onauCbqqXYn/coJhdwvpcZU8XK9WZwA66AChsSQwSBBj+JLvByTXXRep7x/hWL11JQ7eIjOuDKsF8GK1D22Tjw=="
    },
    "@cfn-modules/msk-cluster": {
      "version": "1.0.1",
      "resolved": "https://registry.npmjs.org/@cfn-modules/msk-cluster/-/msk-cluster-1.0.1.tgz",
      "integrity": "sha512-ihXvga+I1MZ/N3bhwNzREuBGXMrgzZqYkxVrIrI1PTyzykjZ3pMIJADELZhoW+4wN4UYoAJy9tIpXocworAfyQ=="
    },
    "@cfn-modules/ssh-bastion": {
      "version": "1.4.4",
      "resolved": "https://registry.npmjs.org/@cfn-modules/ssh-bastion/-/ssh-bastion-1.4.4.tgz",
      "integrity": "sha512-okDAh5U3ekqpAfo7R+5aGsc5tGwb/RAFcNdMrV2Jy9ji7tlGJ4HVPQo8pRBE9xF8GMfDisSYO46i4nqm3DRi8g=="
    },
    "@cfn-modules/vpc": {
      "version": "1.3.0",
      "resolved": "https://registry.npmjs.org/@cfn-modules/vpc/-/vpc-1.3.0.tgz",
      "integrity": "sha512-EqTbS1zT+3B+ZjANv5z8QfMMIKl1beSTY084jIyW+bSy9I61Okwh+6ULJ7QPFKlEvrLLHhOLczUwe+TwmLAFWA==",
      "requires": {
        "@cfn-modules/vpc-flow-log": "*",
        "@cfn-modules/vpc-nat-gateway": "*",
        "@cfn-modules/vpc-plain": "*",
        "@cfn-modules/vpc-subnet": "*"
      }
    },
    "@cfn-modules/vpc-flow-log": {
      "version": "1.1.0",
      "resolved": "https://registry.npmjs.org/@cfn-modules/vpc-flow-log/-/vpc-flow-log-1.1.0.tgz",
      "integrity": "sha512-5VV5TWJ5H8l95Zpbzp/gQb6pr1nGJ5epDcWFBeXCrHrUwhdpCHVjjsFTj+aGl2aa2VyXQ5IjyhiuCD3sh+8lhQ=="
    },
    "@cfn-modules/vpc-nat-gateway": {
      "version": "1.1.0",
      "resolved": "https://registry.npmjs.org/@cfn-modules/vpc-nat-gateway/-/vpc-nat-gateway-1.1.0.tgz",
      "integrity": "sha512-f5eQgrO4Ef+oEcdo120Jjz818jEJZcLUX94Pm7h1tfO8HhW54TEJ/iJ4NQRKMWoyC2WqiU0ocfxB2l/JznZXCA=="
    },
    "@cfn-modules/vpc-plain": {
      "version": "1.0.0",
      "resolved": "https://registry.npmjs.org/@cfn-modules/vpc-plain/-/vpc-plain-1.0.0.tgz",
      "integrity": "sha512-P4ml900igbqjxL60IdPaa3UiXK9kNRLQ88YjxajMKchabjsoT39L9QJ6ZwUdVfHeahLtWms0i/z1nqf+1AkxHg=="
    },
    "@cfn-modules/vpc-subnet": {
      "version": "1.0.0",
      "resolved": "https://registry.npmjs.org/@cfn-modules/vpc-subnet/-/vpc-subnet-1.0.0.tgz",
      "integrity": "sha512-kLYbMn9UWBO/jd9XWc6F7KYJQIiVf05K9H6xRcutUk0B9aFROf3+opvk6CrE6OS/BLyqC+kd6MWqhGlokoCNpQ=="
    }
  }
}
