{
  "name": "cfn-modules-ec2-mysql-example",
  "version": "0.0.0",
  "lockfileVersion": 1,
  "requires": true,
  "dependencies": {
    "@cfn-modules/alerting": {
      "version": "1.0.1",
      "resolved": "https://registry.npmjs.org/@cfn-modules/alerting/-/alerting-1.0.1.tgz",
      "integrity": "sha512-RFJRBtI2hKGzT88PseAw0gYsJnRbg5fqdQTF7+daPPKd1ot682nYo+/U7y8ZKAoCsrCzFRGC1XaqhfI+u5vzhA=="
    },
    "@cfn-modules/client-sg": {
      "version": "1.0.0",
      "resolved": "https://registry.npmjs.org/@cfn-modules/client-sg/-/client-sg-1.0.0.tgz",
      "integrity": "sha512-onauCbqqXYn/coJhdwvpcZU8XK9WZwA66AChsSQwSBBj+JLvByTXXRep7x/hWL11JQ7eIjOuDKsF8GK1D22Tjw=="
    },
    "@cfn-modules/ec2-instance-amazon-linux": {
      "version": "1.4.0",
      "resolved": "https://registry.npmjs.org/@cfn-modules/ec2-instance-amazon-linux/-/ec2-instance-amazon-linux-1.4.0.tgz",
      "integrity": "sha512-Q2Y+A2nFTh4MNRi+/qnt/UssbMl1B5TSxPFXJWHsqUB6tazXM0id3QYRuoeRGPgpSW1UriRDlRtKcYhDs04LXQ=="
    },
    "@cfn-modules/rds-mysql": {
      "version": "1.1.0",
      "resolved": "https://registry.npmjs.org/@cfn-modules/rds-mysql/-/rds-mysql-1.1.0.tgz",
      "integrity": "sha512-E6HiSI8dvOrmRwrrDfUVyVlJGq2xTlNph4ugj9WJMJ2NR/FbWOXy7gPcOZIZLBWGVf2nyi7SwHDnsOuvcZ2waA==",
      "requires": {
        "@cfn-modules/rds-instance": "*"
      },
      "dependencies": {
        "@cfn-modules/rds-instance": {
          "version": "1.1.0",
          "bundled": true
        }
      }
    },
    "@cfn-modules/vpc": {
      "version": "1.1.0",
      "resolved": "https://registry.npmjs.org/@cfn-modules/vpc/-/vpc-1.1.0.tgz",
      "integrity": "sha512-c0xtZfd/2Bjo5ZttAmHfZzCcdDTUMEnYj6OpraO070U2ElcBzFA+07mhRgMxiivMbqDWp7zcVRZT88RTECHH+Q==",
      "requires": {
        "@cfn-modules/vpc-flow-log": "*",
        "@cfn-modules/vpc-nat-gateway": "*",
        "@cfn-modules/vpc-plain": "*",
        "@cfn-modules/vpc-subnet": "*"
      },
      "dependencies": {
        "@cfn-modules/vpc-flow-log": {
          "version": "1.1.0",
          "bundled": true
        },
        "@cfn-modules/vpc-nat-gateway": {
          "version": "1.0.0",
          "bundled": true
        },
        "@cfn-modules/vpc-plain": {
          "version": "1.0.0",
          "bundled": true
        },
        "@cfn-modules/vpc-subnet": {
          "version": "1.0.0",
          "bundled": true
        }
      }
    }
  }
}
