{
  "name": "cfn-modules-fargate-alb-single-container-example",
  "version": "1.0.0",
  "lockfileVersion": 1,
  "requires": true,
  "dependencies": {
    "@cfn-modules/alb": {
      "version": "1.2.0",
      "resolved": "https://registry.npmjs.org/@cfn-modules/alb/-/alb-1.2.0.tgz",
      "integrity": "sha512-mUi0t1ryyHTk6Tr3o/cJg9XcFKCpnTcT4qyAojTC6VxEZ4QGyZzu+Q4d5NrZqr03O0LE5ybd8ORDTYmr+a4IjQ=="
    },
    "@cfn-modules/alb-listener": {
      "version": "1.4.0",
      "resolved": "https://registry.npmjs.org/@cfn-modules/alb-listener/-/alb-listener-1.4.0.tgz",
      "integrity": "sha512-apjPXicmRXeufmKiCt9XqJiWeZLJ2VbbsZAzW4hub2Uy1ndE7rVi8P1Awi/JUYyS9UkGr08wzIODgviFlFgJXA=="
    },
    "@cfn-modules/alerting": {
      "version": "1.2.2",
      "resolved": "https://registry.npmjs.org/@cfn-modules/alerting/-/alerting-1.2.2.tgz",
      "integrity": "sha512-IcATzZdaYtjuiwuxFG0hNoTXn33T5Zkgf6P97P8LW59dgYTbmcuT4Vo5xgTnyPGrcbB+V0eHFpFtpiT1JDhU5w=="
    },
    "@cfn-modules/ecs-alb-target": {
      "version": "1.4.0",
      "resolved": "https://registry.npmjs.org/@cfn-modules/ecs-alb-target/-/ecs-alb-target-1.4.0.tgz",
      "integrity": "sha512-N+NEBxt5lShLoP22QnOqIvbL0lworB5nKwbmNUNVbIDjTZ0xS/+OXkit+qNKoWEBuztj30QjK2kujJOjTCwjdg=="
    },
    "@cfn-modules/ecs-cluster": {
      "version": "1.2.0",
      "resolved": "https://registry.npmjs.org/@cfn-modules/ecs-cluster/-/ecs-cluster-1.2.0.tgz",
      "integrity": "sha512-ZmE/fTKFGwM+bhtuFaFsMe8Sa/FA2Wt+1v9ahwg6CYNXlEPIWobOcWPC6MLKvkMaL4mhnh7k5xF2gKd27c39PA=="
    },
    "@cfn-modules/fargate-service": {
      "version": "2.15.1",
      "resolved": "https://registry.npmjs.org/@cfn-modules/fargate-service/-/fargate-service-2.15.1.tgz",
      "integrity": "sha512-c/sOiLH0qD7Ii2lSCj8+e1DAIaZKoABDJFH1BTjU/4kCgM90lPVDYZuEN03SpFOaf9iEeALS4u1bueO2f87e1A=="
    },
    "@cfn-modules/vpc": {
      "version": "2.3.0",
      "resolved": "https://registry.npmjs.org/@cfn-modules/vpc/-/vpc-2.3.0.tgz",
      "integrity": "sha512-vdGOrOvPon0A2D1XJAFn7oB6FKO25474kAjyhMS1NGAsEXGuiXBf916kwVOvZE9aMyBPQrdzUYHZHvBPnJnpfA==",
      "requires": {
        "@cfn-modules/vpc-flow-log": "2.0.0",
        "@cfn-modules/vpc-nat-gateway": "2.0.0",
        "@cfn-modules/vpc-plain": "2.0.1",
        "@cfn-modules/vpc-subnet": "2.1.0"
      },
      "dependencies": {
        "@cfn-modules/vpc-flow-log": {
          "version": "2.0.0",
          "bundled": true
        },
        "@cfn-modules/vpc-nat-gateway": {
          "version": "2.0.0",
          "bundled": true
        },
        "@cfn-modules/vpc-plain": {
          "version": "2.0.1",
          "bundled": true
        },
        "@cfn-modules/vpc-subnet": {
          "version": "2.1.0",
          "bundled": true
        }
      }
    }
  }
}
