{
  "name": "cfn-modules-ec2-ebs-example",
  "version": "1.0.0",
  "lockfileVersion": 1,
  "requires": true,
  "dependencies": {
    "@cfn-modules/alerting": {
      "version": "1.2.2",
      "resolved": "https://registry.npmjs.org/@cfn-modules/alerting/-/alerting-1.2.2.tgz",
      "integrity": "sha512-IcATzZdaYtjuiwuxFG0hNoTXn33T5Zkgf6P97P8LW59dgYTbmcuT4Vo5xgTnyPGrcbB+V0eHFpFtpiT1JDhU5w=="
    },
    "@cfn-modules/ebs-volume": {
      "version": "1.2.0",
      "resolved": "https://registry.npmjs.org/@cfn-modules/ebs-volume/-/ebs-volume-1.2.0.tgz",
      "integrity": "sha512-uUbCY+bSCq+Vh8ZQS3HUFABL5TWBBmtXdZh0M89jTDkpghWlQhHkLVr8K49GrUkS1TEcTybXoR7Mp34WvJ/uIg=="
    },
    "@cfn-modules/ec2-instance-amazon-linux": {
      "version": "2.4.0",
      "resolved": "https://registry.npmjs.org/@cfn-modules/ec2-instance-amazon-linux/-/ec2-instance-amazon-linux-2.4.0.tgz",
      "integrity": "sha512-goPxpZ+viDjj7JfQ0ssktRZbOvQFsW7ZjIuu9Xu0BVp1gxL4I8LW1P1mJfdKPp1QxnTUB44l+ciI3lVm8MhRrw=="
    },
    "@cfn-modules/vpc": {
      "version": "2.3.0",
      "resolved": "https://registry.npmjs.org/@cfn-modules/vpc/-/vpc-2.3.0.tgz",
      "integrity": "sha512-vdGOrOvPon0A2D1XJAFn7oB6FKO25474kAjyhMS1NGAsEXGuiXBf916kwVOvZE9aMyBPQrdzUYHZHvBPnJnpfA==",
      "requires": {
        "@cfn-modules/vpc-flow-log": "2.0.0",
        "@cfn-modules/vpc-nat-gateway": "2.0.0",
        "@cfn-modules/vpc-plain": "2.0.1",
        "@cfn-modules/vpc-subnet": "2.1.0"
      },
      "dependencies": {
        "@cfn-modules/vpc-flow-log": {
          "version": "2.0.0",
          "bundled": true
        },
        "@cfn-modules/vpc-nat-gateway": {
          "version": "2.0.0",
          "bundled": true
        },
        "@cfn-modules/vpc-plain": {
          "version": "2.0.1",
          "bundled": true
        },
        "@cfn-modules/vpc-subnet": {
          "version": "2.1.0",
          "bundled": true
        }
      }
    }
  }
}
