{
  "name": "cfn-modules-ec2-ebs-example",
  "version": "0.0.0",
  "lockfileVersion": 1,
  "requires": true,
  "dependencies": {
    "@cfn-modules/ebs-volume": {
      "version": "0.0.1",
      "resolved": "https://registry.npmjs.org/@cfn-modules/ebs-volume/-/ebs-volume-0.0.1.tgz",
      "integrity": "sha512-6kmZx0EiWfsDosA1n94RghZF9FlJwZY0t9wtG/9ulLfmGGBMe8ocbem8B6zHl48hB2Or6FGeeibTdI3hKmksRA=="
    },
    "@cfn-modules/ec2-instance-amazon-linux": {
      "version": "0.0.17",
      "resolved": "https://registry.npmjs.org/@cfn-modules/ec2-instance-amazon-linux/-/ec2-instance-amazon-linux-0.0.17.tgz",
      "integrity": "sha512-Pp6kguFbA32JRbe9JaLm1IRI7tQ3oCyCM1YCVBcU2Sv+yEt0rHQF8fjBzdUtcs0PU2ByDsObYrXZxImlV2GDxQ=="
    },
    "@cfn-modules/vpc": {
      "version": "0.0.28",
      "resolved": "https://registry.npmjs.org/@cfn-modules/vpc/-/vpc-0.0.28.tgz",
      "integrity": "sha512-YtXVnurB1dhEZbiCRSv5uDrz+Y0wFnYBsI2c4oQp9Y9DkHhf4BdzWkICS5+RcJWPdu4ut+E3/rPJlsUQE3hSHA==",
      "requires": {
        "@cfn-modules/vpc-flow-log": "0.0.5",
        "@cfn-modules/vpc-nat-gateway": "0.0.4",
        "@cfn-modules/vpc-plain": "0.0.6",
        "@cfn-modules/vpc-subnet": "0.0.10"
      }
    },
    "@cfn-modules/vpc-flow-log": {
      "version": "0.0.5",
      "resolved": "https://registry.npmjs.org/@cfn-modules/vpc-flow-log/-/vpc-flow-log-0.0.5.tgz",
      "integrity": "sha512-sIeKNRUv+BHWlUqcX3SQryW4q2j7KWhf61f7i8A4AanL10Qmtx+kBNwpzTOcaJzLfrj8oxn5QKy6zcjc5gCmQg=="
    },
    "@cfn-modules/vpc-nat-gateway": {
      "version": "0.0.4",
      "resolved": "https://registry.npmjs.org/@cfn-modules/vpc-nat-gateway/-/vpc-nat-gateway-0.0.4.tgz",
      "integrity": "sha512-tDOilBnGHUl6/xMO5jNKFVyjVf2oo6QanhN23MmtRjUetUygTco5FTpmvdCdra1io901IzBueyfh9qF4+N9Gfg=="
    },
    "@cfn-modules/vpc-plain": {
      "version": "0.0.6",
      "resolved": "https://registry.npmjs.org/@cfn-modules/vpc-plain/-/vpc-plain-0.0.6.tgz",
      "integrity": "sha512-0S5i8e+O3kJt/n2a3q6ovwBBGrZYY7PI6en4aqX7Q28G7fjLvazerUXHNDs2UIB8G7zxJOD103R8a3ae1V7k3Q=="
    },
    "@cfn-modules/vpc-subnet": {
      "version": "0.0.10",
      "resolved": "https://registry.npmjs.org/@cfn-modules/vpc-subnet/-/vpc-subnet-0.0.10.tgz",
      "integrity": "sha512-+zMElVV+eCY3L29c+XnifXmpY+3fZyERhu0ob4ifcj58iMM0/lG6WReAT3jBVB3OzFfz4wkTpiNCZTxEkEHCRg=="
    }
  }
}
