{
  "name": "cfn-modules-ec2-ebs-example",
  "version": "0.0.0",
  "lockfileVersion": 1,
  "requires": true,
  "dependencies": {
    "@cfn-modules/ebs-volume": {
      "version": "1.0.0",
      "resolved": "https://registry.npmjs.org/@cfn-modules/ebs-volume/-/ebs-volume-1.0.0.tgz",
      "integrity": "sha512-nr0gXXiTv4ICvm0M3VpsVjOAnNin7CDECR5Hix+3YAXgX1omvOQVH+KPBBYEfc9SB0skA1RZKIZCdFPK62djRg=="
    },
    "@cfn-modules/ec2-instance-amazon-linux": {
      "version": "1.0.0",
      "resolved": "https://registry.npmjs.org/@cfn-modules/ec2-instance-amazon-linux/-/ec2-instance-amazon-linux-1.0.0.tgz",
      "integrity": "sha512-6A0qottTAr+8Y4GLfcQgPhtTf9ifbmh381K3s6Zo68FzopwtsABO6PRjVJDVNWypKfWNI/DnfRjWMLlGBdtcKA=="
    },
    "@cfn-modules/vpc": {
      "version": "1.0.0",
      "resolved": "https://registry.npmjs.org/@cfn-modules/vpc/-/vpc-1.0.0.tgz",
      "integrity": "sha512-ZMfORSR30UUNpD2/wO7VQKEFxjQagYac7rmuaSe3i+bghn6moyAvQcdfEwUkiS9joKoqAAhRLlQNuFnVk6qbdg==",
      "requires": {
        "@cfn-modules/vpc-flow-log": "*",
        "@cfn-modules/vpc-nat-gateway": "*",
        "@cfn-modules/vpc-plain": "*",
        "@cfn-modules/vpc-subnet": "*"
      },
      "dependencies": {
        "@cfn-modules/vpc-flow-log": {
          "version": "1.0.0",
          "bundled": true
        },
        "@cfn-modules/vpc-nat-gateway": {
          "version": "1.0.0",
          "bundled": true
        },
        "@cfn-modules/vpc-plain": {
          "version": "1.0.0",
          "bundled": true
        },
        "@cfn-modules/vpc-subnet": {
          "version": "1.0.0",
          "bundled": true
        }
      }
    }
  }
}
