{
  "name": "cfn-modules-serverless-iam-example",
  "version": "0.0.0",
  "lockfileVersion": 1,
  "requires": true,
  "dependencies": {
    "@cfn-modules/alerting": {
      "version": "1.0.1",
      "resolved": "https://registry.npmjs.org/@cfn-modules/alerting/-/alerting-1.0.1.tgz",
      "integrity": "sha512-RFJRBtI2hKGzT88PseAw0gYsJnRbg5fqdQTF7+daPPKd1ot682nYo+/U7y8ZKAoCsrCzFRGC1XaqhfI+u5vzhA=="
    },
    "@cfn-modules/dynamodb-table": {
      "version": "1.2.0",
      "resolved": "https://registry.npmjs.org/@cfn-modules/dynamodb-table/-/dynamodb-table-1.2.0.tgz",
      "integrity": "sha512-Qjf3TlN2BlcVXI52HVo8zUhr42j5ixH6j1JOcdkbVCqn4EKcsXrzEmE9z7StaykUpDhWiOfOCq3Ok16vn+jJAw=="
    },
    "@cfn-modules/kms-key": {
      "version": "1.1.0",
      "resolved": "https://registry.npmjs.org/@cfn-modules/kms-key/-/kms-key-1.1.0.tgz",
      "integrity": "sha512-23ufRIdWS4lP4kmupsjvikYzRA72HDA+gWZ5wt149mDL3m2tDqJAce7EyDWH+ma3XYEYkc5zxgl964/9PPiYEA=="
    },
    "@cfn-modules/lambda-function": {
      "version": "2.2.0",
      "resolved": "https://registry.npmjs.org/@cfn-modules/lambda-function/-/lambda-function-2.2.0.tgz",
      "integrity": "sha512-UPiMRl5brSD1hODW9LpRRMKC+2KWWHkfZcgxRp1/53x1eaT75cnLdJz0fL6Q5aS7MagQy99T5Fm96FlXfx2r7A=="
    },
    "@cfn-modules/s3-bucket": {
      "version": "1.2.0",
      "resolved": "https://registry.npmjs.org/@cfn-modules/s3-bucket/-/s3-bucket-1.2.0.tgz",
      "integrity": "sha512-XY7vW2UfcCtB8BcfMZ83/sf5ZhXeE9z+KaS4qGTw4H6swNw0iTR7qr6OJMkiP4ySsjAp2C5t9tcGVwcAWZbWig=="
    },
    "@cfn-modules/sqs-queue": {
      "version": "1.1.0",
      "resolved": "https://registry.npmjs.org/@cfn-modules/sqs-queue/-/sqs-queue-1.1.0.tgz",
      "integrity": "sha512-KaGiyXoayti5OwqUX1tnrvmASfpUNI4xefgEsz0jUoQx/D7srqxwsMoVN/ncuRQlAnvOmLuaSAfmcZ0I7WuH6w=="
    }
  }
}
