{
  "name": "cfn-modules-serverless-iam-example",
  "version": "0.0.0",
  "lockfileVersion": 1,
  "requires": true,
  "dependencies": {
    "@cfn-modules/alerting": {
      "version": "0.0.5",
      "resolved": "https://registry.npmjs.org/@cfn-modules/alerting/-/alerting-0.0.5.tgz",
      "integrity": "sha512-gdvzIDHTQtW39tT+CXiUFKiCnIGJKgYNrWLeomJdnnIC3I7c4m6H49B2UPYbZw4aqqcNuKvA10ZO6VO3uZBxFg=="
    },
    "@cfn-modules/dynamodb-table": {
      "version": "0.0.7",
      "resolved": "https://registry.npmjs.org/@cfn-modules/dynamodb-table/-/dynamodb-table-0.0.7.tgz",
      "integrity": "sha512-OjZhU72/nV5pn29Yk8rDXvtOwzwMPsmo9CfWwyKNZAisYfAgM0Pews1Uu6b+IKBIc2fOc2/xcEHPAkyF0+gpKg=="
    },
    "@cfn-modules/kms-key": {
      "version": "0.0.4",
      "resolved": "https://registry.npmjs.org/@cfn-modules/kms-key/-/kms-key-0.0.4.tgz",
      "integrity": "sha512-2x3zT8HSpHXL6x7NjekGA5xVKxXHOVJVRVhni94LBQlk1MAnvgKk62tPDgFtW+2SqMvNerXo80zIPDR2LlRaVg=="
    },
    "@cfn-modules/lambda-function": {
      "version": "0.0.20",
      "resolved": "https://registry.npmjs.org/@cfn-modules/lambda-function/-/lambda-function-0.0.20.tgz",
      "integrity": "sha512-5UvBeTNoB6TYUA6xaGvugGWXU7qQUiA9f8yWAFeEsnJjSwA6Mv3KGxEYl9udtvPsXvxgqRzshdBczi4TEN6dKg=="
    },
    "@cfn-modules/s3-bucket": {
      "version": "0.0.11",
      "resolved": "https://registry.npmjs.org/@cfn-modules/s3-bucket/-/s3-bucket-0.0.11.tgz",
      "integrity": "sha512-SJoUKQdvgVFEB0U90htjV+sYRiwhEGlfmvqFkOzYh59ZzAq5CxP+waxkqsK9if3qdCinlaDOcUw0YkobOf7M6A=="
    },
    "@cfn-modules/sqs-queue": {
      "version": "0.0.8",
      "resolved": "https://registry.npmjs.org/@cfn-modules/sqs-queue/-/sqs-queue-0.0.8.tgz",
      "integrity": "sha512-Vtl7W8E35tPua958rV7oxERxHh2tm1qzMVyZCxnhL1NUbZtZrPsuRFHkPStl4M80fu+pm5nxS+MzxfHaTtZ33w=="
    }
  }
}
