{
  "name": "cfn-modules-serverless-iam-example",
  "version": "1.0.0",
  "lockfileVersion": 1,
  "requires": true,
  "dependencies": {
    "@cfn-modules/alerting": {
      "version": "1.2.0",
      "resolved": "https://registry.npmjs.org/@cfn-modules/alerting/-/alerting-1.2.0.tgz",
      "integrity": "sha512-k1j5uocjzDIMZ4waEVmxsLgJzysFeOb9ibWOEKxKXT7lRceFbNSmv/6cx2Qpc61HagCoCpK6Hrv11n2XPaec/g=="
    },
    "@cfn-modules/dynamodb-table": {
      "version": "1.5.0",
      "resolved": "https://registry.npmjs.org/@cfn-modules/dynamodb-table/-/dynamodb-table-1.5.0.tgz",
      "integrity": "sha512-4K09YwV0NkhPwuT7VIZ8iFCGhKcrt2W9ZR565jgdqcrwNnAaZ3ZFLocZsWDzGqXK1hbdCs18xPal/x46qHdvig=="
    },
    "@cfn-modules/lambda-function": {
      "version": "2.5.0",
      "resolved": "https://registry.npmjs.org/@cfn-modules/lambda-function/-/lambda-function-2.5.0.tgz",
      "integrity": "sha512-NAdiwJ+3OLysVK3ZXMrgQW8Xismb9W0lEs/KxGegiNSse8WG3TuRliPrpOiAji0gY39G1g1LOJNjXmkJlgNiig=="
    },
    "@cfn-modules/s3-bucket": {
      "version": "1.5.0",
      "resolved": "https://registry.npmjs.org/@cfn-modules/s3-bucket/-/s3-bucket-1.5.0.tgz",
      "integrity": "sha512-Ou0eCzMRlqRXzhvfRHgxZL5FFAp5oJo0lgVgmeb3sHUbqirU6uJ9X+S+6rgnyQPoftecWXsmEO/jLeCn0/Opcw=="
    },
    "@cfn-modules/sqs-queue": {
      "version": "1.2.0",
      "resolved": "https://registry.npmjs.org/@cfn-modules/sqs-queue/-/sqs-queue-1.2.0.tgz",
      "integrity": "sha512-6PbaEzQcP6Ye896UHFAVO4n39yisHruiUR3cr6aYpUnc6ihBMYlX/UVC1VcvpuhSZxz+YnkjArC8x/ouqm3YoA=="
    }
  }
}
