{
  "name": "cfn-modules-fargate-alb-proxy-pattern-example",
  "version": "0.0.0",
  "lockfileVersion": 1,
  "requires": true,
  "dependencies": {
    "@cfn-modules/alb": {
      "version": "1.0.4",
      "resolved": "https://registry.npmjs.org/@cfn-modules/alb/-/alb-1.0.4.tgz",
      "integrity": "sha512-eeuHmxFSU60lw0xjZ0syLRbFqUV1qO94azO9Hr9/RASneD2yGvFWO2wS6XzezXS5//HwTv+rW3iskUWwi/8vfA=="
    },
    "@cfn-modules/alb-listener": {
      "version": "1.0.0",
      "resolved": "https://registry.npmjs.org/@cfn-modules/alb-listener/-/alb-listener-1.0.0.tgz",
      "integrity": "sha512-MFZ0igMmKgBE8jkAo1gtTbF3MaqSPpKQrPy4w2pU+bUg/YYyOGJoOKZYgc2VfvNEqgMjU2pdxEqGDgkFwpXheg=="
    },
    "@cfn-modules/alerting": {
      "version": "1.2.0",
      "resolved": "https://registry.npmjs.org/@cfn-modules/alerting/-/alerting-1.2.0.tgz",
      "integrity": "sha512-k1j5uocjzDIMZ4waEVmxsLgJzysFeOb9ibWOEKxKXT7lRceFbNSmv/6cx2Qpc61HagCoCpK6Hrv11n2XPaec/g=="
    },
    "@cfn-modules/ecs-alb-target": {
      "version": "1.1.0",
      "resolved": "https://registry.npmjs.org/@cfn-modules/ecs-alb-target/-/ecs-alb-target-1.1.0.tgz",
      "integrity": "sha512-COMNSVLydacNKynBQzDZvy4x6sXR0uuJyIXKMOXGtENhS5MLsW4gxKtnP+UfRifDjBmtfxiv2frOIHAsMDUlow=="
    },
    "@cfn-modules/ecs-cluster": {
      "version": "1.1.0",
      "resolved": "https://registry.npmjs.org/@cfn-modules/ecs-cluster/-/ecs-cluster-1.1.0.tgz",
      "integrity": "sha512-Kai7lgLjUBHznkOl6iqY2daTOLAOwOMaB/Vl5PdBFuhdIsqLubfVSJ0GdRuowgGPoWsq4ubmI4JVgJdzh13rDA=="
    },
    "@cfn-modules/fargate-service": {
      "version": "2.4.0",
      "resolved": "https://registry.npmjs.org/@cfn-modules/fargate-service/-/fargate-service-2.4.0.tgz",
      "integrity": "sha512-kq7QFIMIGrWwfoLSELAFKnUZhajecRsTsHbxPjBG02uWhDPNbtUHZSes0js+l+Xkrrgi8aXzOEQ2hMxHR8W+fg=="
    },
    "@cfn-modules/vpc": {
      "version": "1.1.1",
      "resolved": "https://registry.npmjs.org/@cfn-modules/vpc/-/vpc-1.1.1.tgz",
      "integrity": "sha512-b3zhci0dnHGTiFO7DaOb7a9nId2wAoRH5jnViPTrUlHBKEKOGu+9u7W+j/oMgaJRT4sNJ3AqPMgj535Dd90q6Q==",
      "requires": {
        "@cfn-modules/vpc-flow-log": "*",
        "@cfn-modules/vpc-nat-gateway": "*",
        "@cfn-modules/vpc-plain": "*",
        "@cfn-modules/vpc-subnet": "*"
      },
      "dependencies": {
        "@cfn-modules/vpc-flow-log": {
          "version": "1.1.0",
          "bundled": true
        },
        "@cfn-modules/vpc-nat-gateway": {
          "version": "1.0.0",
          "bundled": true
        },
        "@cfn-modules/vpc-plain": {
          "version": "1.0.0",
          "bundled": true
        },
        "@cfn-modules/vpc-subnet": {
          "version": "1.0.0",
          "bundled": true
        }
      }
    }
  }
}
