{
  "name": "cfn-modules-fargate-alb-proxy-pattern-example",
  "version": "1.0.0",
  "lockfileVersion": 1,
  "requires": true,
  "dependencies": {
    "@cfn-modules/alb": {
      "version": "1.0.4",
      "resolved": "https://registry.npmjs.org/@cfn-modules/alb/-/alb-1.0.4.tgz",
      "integrity": "sha512-eeuHmxFSU60lw0xjZ0syLRbFqUV1qO94azO9Hr9/RASneD2yGvFWO2wS6XzezXS5//HwTv+rW3iskUWwi/8vfA=="
    },
    "@cfn-modules/alb-listener": {
      "version": "1.2.0",
      "resolved": "https://registry.npmjs.org/@cfn-modules/alb-listener/-/alb-listener-1.2.0.tgz",
      "integrity": "sha512-XAcXsn2sHkBWcjQNkuor6R6HCb3d4jdXpDzX7dwNmBT/5G/BPv0WiKIyI8EijJ13O3Nu+uqlkU97H10UmP8xaA=="
    },
    "@cfn-modules/alerting": {
      "version": "1.2.2",
      "resolved": "https://registry.npmjs.org/@cfn-modules/alerting/-/alerting-1.2.2.tgz",
      "integrity": "sha512-IcATzZdaYtjuiwuxFG0hNoTXn33T5Zkgf6P97P8LW59dgYTbmcuT4Vo5xgTnyPGrcbB+V0eHFpFtpiT1JDhU5w=="
    },
    "@cfn-modules/ecs-alb-target": {
      "version": "1.4.0",
      "resolved": "https://registry.npmjs.org/@cfn-modules/ecs-alb-target/-/ecs-alb-target-1.4.0.tgz",
      "integrity": "sha512-N+NEBxt5lShLoP22QnOqIvbL0lworB5nKwbmNUNVbIDjTZ0xS/+OXkit+qNKoWEBuztj30QjK2kujJOjTCwjdg=="
    },
    "@cfn-modules/ecs-cluster": {
      "version": "1.1.0",
      "resolved": "https://registry.npmjs.org/@cfn-modules/ecs-cluster/-/ecs-cluster-1.1.0.tgz",
      "integrity": "sha512-Kai7lgLjUBHznkOl6iqY2daTOLAOwOMaB/Vl5PdBFuhdIsqLubfVSJ0GdRuowgGPoWsq4ubmI4JVgJdzh13rDA=="
    },
    "@cfn-modules/fargate-service": {
      "version": "2.15.1",
      "resolved": "https://registry.npmjs.org/@cfn-modules/fargate-service/-/fargate-service-2.15.1.tgz",
      "integrity": "sha512-c/sOiLH0qD7Ii2lSCj8+e1DAIaZKoABDJFH1BTjU/4kCgM90lPVDYZuEN03SpFOaf9iEeALS4u1bueO2f87e1A=="
    },
    "@cfn-modules/vpc": {
      "version": "1.3.1",
      "resolved": "https://registry.npmjs.org/@cfn-modules/vpc/-/vpc-1.3.1.tgz",
      "integrity": "sha512-IraP3h3OUJ81092LIMlSIydSQ4j4bkv3KjI9R13GBxsYEnVTA23SJN1Ezn8RNLg+nLbiSROR7Iweoyv0ydseOA==",
      "requires": {
        "@cfn-modules/vpc-flow-log": "*",
        "@cfn-modules/vpc-nat-gateway": "*",
        "@cfn-modules/vpc-plain": "*",
        "@cfn-modules/vpc-subnet": "*"
      },
      "dependencies": {
        "@cfn-modules/vpc-flow-log": {
          "version": "1.1.0",
          "bundled": true
        },
        "@cfn-modules/vpc-nat-gateway": {
          "version": "1.1.1",
          "bundled": true
        },
        "@cfn-modules/vpc-plain": {
          "version": "1.0.0",
          "bundled": true
        },
        "@cfn-modules/vpc-subnet": {
          "version": "1.0.0",
          "bundled": true
        }
      }
    }
  }
}
