{
  "name": "cfn-modules-serverless-cron-example",
  "version": "0.0.0",
  "lockfileVersion": 1,
  "requires": true,
  "dependencies": {
    "@cfn-modules/lambda-event-source-cron": {
      "version": "1.0.0",
      "resolved": "https://registry.npmjs.org/@cfn-modules/lambda-event-source-cron/-/lambda-event-source-cron-1.0.0.tgz",
      "integrity": "sha512-lRt6+cbYAYHfjSESYbCrV+0c5UHPlIQgoooHWGj+eySAobslJ0sZJMAy7qhyhz58rTa/1ZA0x4dShr68T0U/Jg=="
    },
    "@cfn-modules/lambda-function": {
      "version": "1.1.0",
      "resolved": "https://registry.npmjs.org/@cfn-modules/lambda-function/-/lambda-function-1.1.0.tgz",
      "integrity": "sha512-62dfgPLRzKI3py8zw17m7A/0xGgJdXiOUy9L1PMNqAInEM0dipSzJDH8pCsOmoEZP4Pd0ih+FIYBPxxlr6+xaA=="
    }
  }
}
