{
  "name": "cfn-modules-serverless-cron-example",
  "version": "0.0.0",
  "lockfileVersion": 1,
  "requires": true,
  "dependencies": {
    "@cfn-modules/alerting": {
      "version": "1.1.0",
      "resolved": "https://registry.npmjs.org/@cfn-modules/alerting/-/alerting-1.1.0.tgz",
      "integrity": "sha512-LxonieUyka5JTUGGwsweeO3+Eo6+hw8qTHGXDA9k2ZToXwBl6zq69JJUa2M0keTYs/tbqEo4IGXxPOQ//5n3kg=="
    },
    "@cfn-modules/lambda-event-source-cron": {
      "version": "1.0.0",
      "resolved": "https://registry.npmjs.org/@cfn-modules/lambda-event-source-cron/-/lambda-event-source-cron-1.0.0.tgz",
      "integrity": "sha512-lRt6+cbYAYHfjSESYbCrV+0c5UHPlIQgoooHWGj+eySAobslJ0sZJMAy7qhyhz58rTa/1ZA0x4dShr68T0U/Jg=="
    },
    "@cfn-modules/lambda-function": {
      "version": "2.3.0",
      "resolved": "https://registry.npmjs.org/@cfn-modules/lambda-function/-/lambda-function-2.3.0.tgz",
      "integrity": "sha512-HdIjez+kdnNZVLwBYSgV3tVwrjIUH8JPLQf5k7+bHG5IFqZRInomstwslASLcifDFZEQMk4EF2c7WnNxFIOkUg=="
    }
  }
}
