{
  "name": "cfn-modules-serverless-cron-example",
  "version": "0.0.0",
  "lockfileVersion": 1,
  "requires": true,
  "dependencies": {
    "@cfn-modules/lambda-event-source-cron": {
      "version": "0.0.3",
      "resolved": "https://registry.npmjs.org/@cfn-modules/lambda-event-source-cron/-/lambda-event-source-cron-0.0.3.tgz",
      "integrity": "sha512-64VgK2chPSkOVQA4jJw+L/yTeAJLzFi+jzPZEWxDZesST28sGZd+wzoT8A7Sw4zGCvz7XV3vwR/yZ8hHbECLag=="
    },
    "@cfn-modules/lambda-function": {
      "version": "0.0.18",
      "resolved": "https://registry.npmjs.org/@cfn-modules/lambda-function/-/lambda-function-0.0.18.tgz",
      "integrity": "sha512-7vETFEuGgAHE42ZpsH8yk5a3tH0G+ec5VNnhfZyGYww0W0YzObj4Io5lUi3JlCRYAckdEiOSSrj4Vvo8oz2B7w=="
    }
  }
}
