{
  "name": "cfn-modules-serverless-webhook-example",
  "version": "0.0.0",
  "lockfileVersion": 1,
  "requires": true,
  "dependencies": {
    "@cfn-modules/lambda-event-source-webhook": {
      "version": "0.0.1",
      "resolved": "https://registry.npmjs.org/@cfn-modules/lambda-event-source-webhook/-/lambda-event-source-webhook-0.0.1.tgz",
      "integrity": "sha512-fq9vU4Wc4EsRddy3C9WD6Uu4R/6paQaREPRwN69nldOWrH222DpsXE2H5ZZWB+mHqHRDGjqbsQXUqCDuLHAL2Q=="
    },
    "@cfn-modules/lambda-function": {
      "version": "0.0.20",
      "resolved": "https://registry.npmjs.org/@cfn-modules/lambda-function/-/lambda-function-0.0.20.tgz",
      "integrity": "sha512-5UvBeTNoB6TYUA6xaGvugGWXU7qQUiA9f8yWAFeEsnJjSwA6Mv3KGxEYl9udtvPsXvxgqRzshdBczi4TEN6dKg=="
    }
  }
}
