{
  "name": "cfn-modules-serverless-webhook-example",
  "version": "1.0.0",
  "lockfileVersion": 1,
  "requires": true,
  "dependencies": {
    "@cfn-modules/alerting": {
      "version": "1.2.0",
      "resolved": "https://registry.npmjs.org/@cfn-modules/alerting/-/alerting-1.2.0.tgz",
      "integrity": "sha512-k1j5uocjzDIMZ4waEVmxsLgJzysFeOb9ibWOEKxKXT7lRceFbNSmv/6cx2Qpc61HagCoCpK6Hrv11n2XPaec/g=="
    },
    "@cfn-modules/lambda-event-source-webhook": {
      "version": "1.2.1",
      "resolved": "https://registry.npmjs.org/@cfn-modules/lambda-event-source-webhook/-/lambda-event-source-webhook-1.2.1.tgz",
      "integrity": "sha512-5Xd2siw5VcwRyqH4PUT+NA+ukC7g6UhgNdoq5mwqo9xRxq7akm+mSHzUX03ODGp8F8slSIZx7EcMeLDMa1xMUg==",
      "requires": {
        "@cfn-modules/lambda-function": "*"
      },
      "dependencies": {
        "@cfn-modules/lambda-function": {
          "version": "2.6.0",
          "bundled": true
        }
      }
    },
    "@cfn-modules/lambda-function": {
      "version": "2.6.0",
      "resolved": "https://registry.npmjs.org/@cfn-modules/lambda-function/-/lambda-function-2.6.0.tgz",
      "integrity": "sha512-AOvOSRQyiZvQHgapvIe091pUIhwumeaZLySjmg032U9axQW8iTioWCa8mOj0kJyHtbAeI9IyZBf5GuQPxNqQ/A=="
    }
  }
}
