{
  "name": "cfn-modules-serverless-webhook-example",
  "version": "1.0.0",
  "lockfileVersion": 1,
  "requires": true,
  "dependencies": {
    "@cfn-modules/alerting": {
      "version": "1.2.0",
      "resolved": "https://registry.npmjs.org/@cfn-modules/alerting/-/alerting-1.2.0.tgz",
      "integrity": "sha512-k1j5uocjzDIMZ4waEVmxsLgJzysFeOb9ibWOEKxKXT7lRceFbNSmv/6cx2Qpc61HagCoCpK6Hrv11n2XPaec/g=="
    },
    "@cfn-modules/lambda-event-source-webhook": {
      "version": "1.2.0",
      "resolved": "https://registry.npmjs.org/@cfn-modules/lambda-event-source-webhook/-/lambda-event-source-webhook-1.2.0.tgz",
      "integrity": "sha512-EQAOc+9zJb5VdlX7aB5HWIXGSV9iggO7M+BuAiRQ3bTONgtlye8HNmoMnL450AzyOiXRc0ln6G5Walx4s34Sjg==",
      "requires": {
        "@cfn-modules/lambda-function": "*"
      },
      "dependencies": {
        "@cfn-modules/lambda-function": {
          "version": "2.5.0",
          "bundled": true
        }
      }
    },
    "@cfn-modules/lambda-function": {
      "version": "2.5.0",
      "resolved": "https://registry.npmjs.org/@cfn-modules/lambda-function/-/lambda-function-2.5.0.tgz",
      "integrity": "sha512-NAdiwJ+3OLysVK3ZXMrgQW8Xismb9W0lEs/KxGegiNSse8WG3TuRliPrpOiAji0gY39G1g1LOJNjXmkJlgNiig=="
    }
  }
}
