{
  "name": "cfn-modules-serverless-sqs-queue",
  "version": "0.0.0",
  "lockfileVersion": 1,
  "requires": true,
  "dependencies": {
    "@cfn-modules/lambda-event-source-sqs-queue": {
      "version": "0.0.4",
      "resolved": "https://registry.npmjs.org/@cfn-modules/lambda-event-source-sqs-queue/-/lambda-event-source-sqs-queue-0.0.4.tgz",
      "integrity": "sha512-lRDe2ZWL9IDwjdW5p47fmrWdyvagtmAOmrsYrqxD2KjyU5Slhmo5Fk6E8g/+ONBEVeyOzepnm1cgf1MiitUjKg=="
    },
    "@cfn-modules/lambda-function": {
      "version": "0.0.19",
      "resolved": "https://registry.npmjs.org/@cfn-modules/lambda-function/-/lambda-function-0.0.19.tgz",
      "integrity": "sha512-4D2Zx+ce53wqWYHgyN1qIpLoIj84FfP3jkK1GrXEmDtEIJ5DEIC76KoBW9hPCPRvtycSxbb+05vI/3ctC+adtw=="
    },
    "@cfn-modules/sqs-queue": {
      "version": "0.0.8",
      "resolved": "https://registry.npmjs.org/@cfn-modules/sqs-queue/-/sqs-queue-0.0.8.tgz",
      "integrity": "sha512-Vtl7W8E35tPua958rV7oxERxHh2tm1qzMVyZCxnhL1NUbZtZrPsuRFHkPStl4M80fu+pm5nxS+MzxfHaTtZ33w=="
    }
  }
}
