{
  "name": "cfn-modules-serverless-sqs-queue",
  "version": "0.0.0",
  "lockfileVersion": 1,
  "requires": true,
  "dependencies": {
    "@cfn-modules/alerting": {
      "version": "1.0.1",
      "resolved": "https://registry.npmjs.org/@cfn-modules/alerting/-/alerting-1.0.1.tgz",
      "integrity": "sha512-RFJRBtI2hKGzT88PseAw0gYsJnRbg5fqdQTF7+daPPKd1ot682nYo+/U7y8ZKAoCsrCzFRGC1XaqhfI+u5vzhA=="
    },
    "@cfn-modules/lambda-event-source-sqs-queue": {
      "version": "1.0.0",
      "resolved": "https://registry.npmjs.org/@cfn-modules/lambda-event-source-sqs-queue/-/lambda-event-source-sqs-queue-1.0.0.tgz",
      "integrity": "sha512-yg5Vtv+iA8JpgLGkSAagCXbV9vkc+nA7ehcX0TCvCXP4LOswq0wRJJf4r+JUS200a3DlwNQQbf+wVHxCrTlxOQ=="
    },
    "@cfn-modules/lambda-function": {
      "version": "2.1.0",
      "resolved": "https://registry.npmjs.org/@cfn-modules/lambda-function/-/lambda-function-2.1.0.tgz",
      "integrity": "sha512-Ht3BI1aPrDBvcEA5YiuOCBxqlXf/yeyafhzGA7hSe47i2u7aoReVa3Ovr3Niz0+NQi/TkiOzN9g0WsigZ7eFkQ=="
    },
    "@cfn-modules/sqs-queue": {
      "version": "1.1.0",
      "resolved": "https://registry.npmjs.org/@cfn-modules/sqs-queue/-/sqs-queue-1.1.0.tgz",
      "integrity": "sha512-KaGiyXoayti5OwqUX1tnrvmASfpUNI4xefgEsz0jUoQx/D7srqxwsMoVN/ncuRQlAnvOmLuaSAfmcZ0I7WuH6w=="
    }
  }
}
