{
  "name": "cfn-modules-serverless-sqs-queue",
  "version": "0.0.0",
  "lockfileVersion": 1,
  "requires": true,
  "dependencies": {
    "@cfn-modules/lambda-event-source-sqs-queue": {
      "version": "0.0.3",
      "resolved": "https://registry.npmjs.org/@cfn-modules/lambda-event-source-sqs-queue/-/lambda-event-source-sqs-queue-0.0.3.tgz",
      "integrity": "sha512-EZgfYL0b80KqAdZ93Na91uPDFREE7SctOly7kInZWyZjoOttaPGT0f9f60XKxTzNTFHxHT9C3Hsi078W4bz6Aw=="
    },
    "@cfn-modules/lambda-function": {
      "version": "0.0.15",
      "resolved": "https://registry.npmjs.org/@cfn-modules/lambda-function/-/lambda-function-0.0.15.tgz",
      "integrity": "sha512-QGSBasGpsjCRGFABs0mkj/rqipZaxIgDJEwLCAXjyN5FYJf4X/0lKamEKxHx3NqKKmJafVgvEro/o/6mw7gQqQ=="
    },
    "@cfn-modules/sqs-queue": {
      "version": "0.0.7",
      "resolved": "https://registry.npmjs.org/@cfn-modules/sqs-queue/-/sqs-queue-0.0.7.tgz",
      "integrity": "sha512-4azbkK6AUhiJDj65dC4IR5S6IajYdUhRCWjk67IAjX83e5B64TL0uZ9rVMup4ZLcis+M+jD+O6Lxt97Gt2M6Yg=="
    }
  }
}
