{
  "name": "cfn-modules-fargate-alb-ambassador-pattern-example",
  "version": "0.0.0",
  "lockfileVersion": 1,
  "requires": true,
  "dependencies": {
    "@cfn-modules/alb": {
      "version": "1.0.3",
      "resolved": "https://registry.npmjs.org/@cfn-modules/alb/-/alb-1.0.3.tgz",
      "integrity": "sha512-Zd4OBJ2DyVs6sYc2XHUOC11x5n0vjFOwv5e94RwsskaOeSEx0eZuS3EL9EKxk6/WYrb1nAPW5F/jj1Pn5xgfFA=="
    },
    "@cfn-modules/alb-listener": {
      "version": "1.0.0",
      "resolved": "https://registry.npmjs.org/@cfn-modules/alb-listener/-/alb-listener-1.0.0.tgz",
      "integrity": "sha512-MFZ0igMmKgBE8jkAo1gtTbF3MaqSPpKQrPy4w2pU+bUg/YYyOGJoOKZYgc2VfvNEqgMjU2pdxEqGDgkFwpXheg=="
    },
    "@cfn-modules/alerting": {
      "version": "1.0.1",
      "resolved": "https://registry.npmjs.org/@cfn-modules/alerting/-/alerting-1.0.1.tgz",
      "integrity": "sha512-RFJRBtI2hKGzT88PseAw0gYsJnRbg5fqdQTF7+daPPKd1ot682nYo+/U7y8ZKAoCsrCzFRGC1XaqhfI+u5vzhA=="
    },
    "@cfn-modules/ecs-alb-target": {
      "version": "1.0.3",
      "resolved": "https://registry.npmjs.org/@cfn-modules/ecs-alb-target/-/ecs-alb-target-1.0.3.tgz",
      "integrity": "sha512-T104jwBIXtaJHbh/t/powyJ/Npyd7X/uwdfiGwH+VqyEJyEYtoHogkTCbUQfPD6AS+a/DLzmNz7axwhkosewIg=="
    },
    "@cfn-modules/ecs-cluster": {
      "version": "1.1.0",
      "resolved": "https://registry.npmjs.org/@cfn-modules/ecs-cluster/-/ecs-cluster-1.1.0.tgz",
      "integrity": "sha512-Kai7lgLjUBHznkOl6iqY2daTOLAOwOMaB/Vl5PdBFuhdIsqLubfVSJ0GdRuowgGPoWsq4ubmI4JVgJdzh13rDA=="
    },
    "@cfn-modules/fargate-service": {
      "version": "2.0.0",
      "resolved": "https://registry.npmjs.org/@cfn-modules/fargate-service/-/fargate-service-2.0.0.tgz",
      "integrity": "sha512-kqmGrKZDQBvsq82u6HZzPP9pHfKqIOp2ra4bJAwPXvOQW1mReTxypd1At9yWETqPdru2UNQ2Gb/0pSovlYhnUw=="
    },
    "@cfn-modules/vpc": {
      "version": "1.1.1",
      "resolved": "https://registry.npmjs.org/@cfn-modules/vpc/-/vpc-1.1.1.tgz",
      "integrity": "sha512-b3zhci0dnHGTiFO7DaOb7a9nId2wAoRH5jnViPTrUlHBKEKOGu+9u7W+j/oMgaJRT4sNJ3AqPMgj535Dd90q6Q==",
      "requires": {
        "@cfn-modules/vpc-flow-log": "*",
        "@cfn-modules/vpc-nat-gateway": "*",
        "@cfn-modules/vpc-plain": "*",
        "@cfn-modules/vpc-subnet": "*"
      },
      "dependencies": {
        "@cfn-modules/vpc-flow-log": {
          "version": "1.1.0",
          "bundled": true
        },
        "@cfn-modules/vpc-nat-gateway": {
          "version": "1.0.0",
          "bundled": true
        },
        "@cfn-modules/vpc-plain": {
          "version": "1.0.0",
          "bundled": true
        },
        "@cfn-modules/vpc-subnet": {
          "version": "1.0.0",
          "bundled": true
        }
      }
    }
  }
}
