{
  "name": "cfn-modules-fargate-alb-auth-cognito-example",
  "version": "1.0.0",
  "lockfileVersion": 2,
  "requires": true,
  "packages": {
    "": {
      "name": "cfn-modules-fargate-alb-auth-cognito-example",
      "version": "1.0.0",
      "license": "Apache-2.0",
      "dependencies": {
        "@cfn-modules/acm-wildcard-certificate-public": "1.0.0",
        "@cfn-modules/alb": "1.1.0",
        "@cfn-modules/alb-listener": "1.2.0",
        "@cfn-modules/alerting": "1.2.2",
        "@cfn-modules/cognito-userpool": "2.0.0",
        "@cfn-modules/ecs-alb-target": "1.4.0",
        "@cfn-modules/ecs-cluster": "1.1.0",
        "@cfn-modules/fargate-service": "2.11.0",
        "@cfn-modules/lb-dns-record": "1.0.0",
        "@cfn-modules/route53-hosted-zone-wrapper": "1.7.0",
        "@cfn-modules/vpc": "1.3.1"
      }
    },
    "node_modules/@cfn-modules/acm-wildcard-certificate-public": {
      "version": "1.0.0",
      "resolved": "https://registry.npmjs.org/@cfn-modules/acm-wildcard-certificate-public/-/acm-wildcard-certificate-public-1.0.0.tgz",
      "integrity": "sha512-L9mGth8GQLqW9+qrWaKmWiAyaq4m8UXzxan34SS+Paw+q8Mg4t2qAcJoe+RA64/Qwk6xyGOzoYgSqbvnuMLJGA=="
    },
    "node_modules/@cfn-modules/alb": {
      "version": "1.1.0",
      "resolved": "https://registry.npmjs.org/@cfn-modules/alb/-/alb-1.1.0.tgz",
      "integrity": "sha512-uX4rvVFbnZKZ4rtd+jnHm4BS6Uu8WEmrU6J/BN++aYrjAJnadT2bIHX1YqIfUfWHjkzDDEMAHE30D9eZbNcbiQ=="
    },
    "node_modules/@cfn-modules/alb-listener": {
      "version": "1.2.0",
      "resolved": "https://registry.npmjs.org/@cfn-modules/alb-listener/-/alb-listener-1.2.0.tgz",
      "integrity": "sha512-XAcXsn2sHkBWcjQNkuor6R6HCb3d4jdXpDzX7dwNmBT/5G/BPv0WiKIyI8EijJ13O3Nu+uqlkU97H10UmP8xaA=="
    },
    "node_modules/@cfn-modules/alerting": {
      "version": "1.2.2",
      "resolved": "https://registry.npmjs.org/@cfn-modules/alerting/-/alerting-1.2.2.tgz",
      "integrity": "sha512-IcATzZdaYtjuiwuxFG0hNoTXn33T5Zkgf6P97P8LW59dgYTbmcuT4Vo5xgTnyPGrcbB+V0eHFpFtpiT1JDhU5w=="
    },
    "node_modules/@cfn-modules/cognito-userpool": {
      "version": "2.0.0",
      "resolved": "https://registry.npmjs.org/@cfn-modules/cognito-userpool/-/cognito-userpool-2.0.0.tgz",
      "integrity": "sha512-38ltAheHmedSSPLjaEYRY4rzuejugo/zJ24bRvtoKXZn2J1epsQn67RWucnOs7T++jsu4e0ufiBTxc9CAXpsQA=="
    },
    "node_modules/@cfn-modules/ecs-alb-target": {
      "version": "1.4.0",
      "resolved": "https://registry.npmjs.org/@cfn-modules/ecs-alb-target/-/ecs-alb-target-1.4.0.tgz",
      "integrity": "sha512-N+NEBxt5lShLoP22QnOqIvbL0lworB5nKwbmNUNVbIDjTZ0xS/+OXkit+qNKoWEBuztj30QjK2kujJOjTCwjdg=="
    },
    "node_modules/@cfn-modules/ecs-cluster": {
      "version": "1.1.0",
      "resolved": "https://registry.npmjs.org/@cfn-modules/ecs-cluster/-/ecs-cluster-1.1.0.tgz",
      "integrity": "sha512-Kai7lgLjUBHznkOl6iqY2daTOLAOwOMaB/Vl5PdBFuhdIsqLubfVSJ0GdRuowgGPoWsq4ubmI4JVgJdzh13rDA=="
    },
    "node_modules/@cfn-modules/fargate-service": {
      "version": "2.11.0",
      "resolved": "https://registry.npmjs.org/@cfn-modules/fargate-service/-/fargate-service-2.11.0.tgz",
      "integrity": "sha512-QzJwhEf3lt562cC6SPPMwxiKRjUGncQIirSmScSukMHpeqJB2tmLM6ib84RqfQbtvNd7N7dR7Wvz8jQ9Zw6UyA=="
    },
    "node_modules/@cfn-modules/lb-dns-record": {
      "version": "1.0.0",
      "resolved": "https://registry.npmjs.org/@cfn-modules/lb-dns-record/-/lb-dns-record-1.0.0.tgz",
      "integrity": "sha512-enh/d18bnMlzmC5YA7Azbt6ysMX1Qmfh8kB/MDoIodjf6PExrQDdbGomGq+L+ukw6nT/jdtYLidB0axaioXioQ=="
    },
    "node_modules/@cfn-modules/route53-hosted-zone-wrapper": {
      "version": "1.7.0",
      "resolved": "https://registry.npmjs.org/@cfn-modules/route53-hosted-zone-wrapper/-/route53-hosted-zone-wrapper-1.7.0.tgz",
      "integrity": "sha512-7tLT6gRh3WPU2BH60yeVeZZCTwlYpnBUzBhR4joXezP+5S7yidLX+UCRZpyVkc3pkxEhaT3YhEmQLUAIpT1h6A==",
      "bundleDependencies": [
        "@cfn-modules/lambda-function"
      ],
      "dependencies": {
        "@cfn-modules/lambda-function": "*"
      }
    },
    "node_modules/@cfn-modules/route53-hosted-zone-wrapper/node_modules/@cfn-modules/lambda-function": {
      "version": "2.9.0",
      "inBundle": true,
      "license": "Apache-2.0"
    },
    "node_modules/@cfn-modules/vpc": {
      "version": "1.3.1",
      "resolved": "https://registry.npmjs.org/@cfn-modules/vpc/-/vpc-1.3.1.tgz",
      "integrity": "sha512-IraP3h3OUJ81092LIMlSIydSQ4j4bkv3KjI9R13GBxsYEnVTA23SJN1Ezn8RNLg+nLbiSROR7Iweoyv0ydseOA==",
      "bundleDependencies": [
        "@cfn-modules/vpc-flow-log",
        "@cfn-modules/vpc-nat-gateway",
        "@cfn-modules/vpc-plain",
        "@cfn-modules/vpc-subnet"
      ],
      "dependencies": {
        "@cfn-modules/vpc-flow-log": "*",
        "@cfn-modules/vpc-nat-gateway": "*",
        "@cfn-modules/vpc-plain": "*",
        "@cfn-modules/vpc-subnet": "*"
      }
    },
    "node_modules/@cfn-modules/vpc/node_modules/@cfn-modules/vpc-flow-log": {
      "version": "1.1.0",
      "inBundle": true,
      "license": "Apache-2.0"
    },
    "node_modules/@cfn-modules/vpc/node_modules/@cfn-modules/vpc-nat-gateway": {
      "version": "1.1.1",
      "inBundle": true,
      "license": "Apache-2.0"
    },
    "node_modules/@cfn-modules/vpc/node_modules/@cfn-modules/vpc-plain": {
      "version": "1.0.0",
      "inBundle": true,
      "license": "Apache-2.0"
    },
    "node_modules/@cfn-modules/vpc/node_modules/@cfn-modules/vpc-subnet": {
      "version": "1.0.0",
      "inBundle": true,
      "license": "Apache-2.0"
    }
  },
  "dependencies": {
    "@cfn-modules/acm-wildcard-certificate-public": {
      "version": "1.0.0",
      "resolved": "https://registry.npmjs.org/@cfn-modules/acm-wildcard-certificate-public/-/acm-wildcard-certificate-public-1.0.0.tgz",
      "integrity": "sha512-L9mGth8GQLqW9+qrWaKmWiAyaq4m8UXzxan34SS+Paw+q8Mg4t2qAcJoe+RA64/Qwk6xyGOzoYgSqbvnuMLJGA=="
    },
    "@cfn-modules/alb": {
      "version": "1.1.0",
      "resolved": "https://registry.npmjs.org/@cfn-modules/alb/-/alb-1.1.0.tgz",
      "integrity": "sha512-uX4rvVFbnZKZ4rtd+jnHm4BS6Uu8WEmrU6J/BN++aYrjAJnadT2bIHX1YqIfUfWHjkzDDEMAHE30D9eZbNcbiQ=="
    },
    "@cfn-modules/alb-listener": {
      "version": "1.2.0",
      "resolved": "https://registry.npmjs.org/@cfn-modules/alb-listener/-/alb-listener-1.2.0.tgz",
      "integrity": "sha512-XAcXsn2sHkBWcjQNkuor6R6HCb3d4jdXpDzX7dwNmBT/5G/BPv0WiKIyI8EijJ13O3Nu+uqlkU97H10UmP8xaA=="
    },
    "@cfn-modules/alerting": {
      "version": "1.2.2",
      "resolved": "https://registry.npmjs.org/@cfn-modules/alerting/-/alerting-1.2.2.tgz",
      "integrity": "sha512-IcATzZdaYtjuiwuxFG0hNoTXn33T5Zkgf6P97P8LW59dgYTbmcuT4Vo5xgTnyPGrcbB+V0eHFpFtpiT1JDhU5w=="
    },
    "@cfn-modules/cognito-userpool": {
      "version": "2.0.0",
      "resolved": "https://registry.npmjs.org/@cfn-modules/cognito-userpool/-/cognito-userpool-2.0.0.tgz",
      "integrity": "sha512-38ltAheHmedSSPLjaEYRY4rzuejugo/zJ24bRvtoKXZn2J1epsQn67RWucnOs7T++jsu4e0ufiBTxc9CAXpsQA=="
    },
    "@cfn-modules/ecs-alb-target": {
      "version": "1.4.0",
      "resolved": "https://registry.npmjs.org/@cfn-modules/ecs-alb-target/-/ecs-alb-target-1.4.0.tgz",
      "integrity": "sha512-N+NEBxt5lShLoP22QnOqIvbL0lworB5nKwbmNUNVbIDjTZ0xS/+OXkit+qNKoWEBuztj30QjK2kujJOjTCwjdg=="
    },
    "@cfn-modules/ecs-cluster": {
      "version": "1.1.0",
      "resolved": "https://registry.npmjs.org/@cfn-modules/ecs-cluster/-/ecs-cluster-1.1.0.tgz",
      "integrity": "sha512-Kai7lgLjUBHznkOl6iqY2daTOLAOwOMaB/Vl5PdBFuhdIsqLubfVSJ0GdRuowgGPoWsq4ubmI4JVgJdzh13rDA=="
    },
    "@cfn-modules/fargate-service": {
      "version": "2.11.0",
      "resolved": "https://registry.npmjs.org/@cfn-modules/fargate-service/-/fargate-service-2.11.0.tgz",
      "integrity": "sha512-QzJwhEf3lt562cC6SPPMwxiKRjUGncQIirSmScSukMHpeqJB2tmLM6ib84RqfQbtvNd7N7dR7Wvz8jQ9Zw6UyA=="
    },
    "@cfn-modules/lb-dns-record": {
      "version": "1.0.0",
      "resolved": "https://registry.npmjs.org/@cfn-modules/lb-dns-record/-/lb-dns-record-1.0.0.tgz",
      "integrity": "sha512-enh/d18bnMlzmC5YA7Azbt6ysMX1Qmfh8kB/MDoIodjf6PExrQDdbGomGq+L+ukw6nT/jdtYLidB0axaioXioQ=="
    },
    "@cfn-modules/route53-hosted-zone-wrapper": {
      "version": "1.7.0",
      "resolved": "https://registry.npmjs.org/@cfn-modules/route53-hosted-zone-wrapper/-/route53-hosted-zone-wrapper-1.7.0.tgz",
      "integrity": "sha512-7tLT6gRh3WPU2BH60yeVeZZCTwlYpnBUzBhR4joXezP+5S7yidLX+UCRZpyVkc3pkxEhaT3YhEmQLUAIpT1h6A==",
      "requires": {
        "@cfn-modules/lambda-function": "*"
      },
      "dependencies": {
        "@cfn-modules/lambda-function": {
          "version": "2.9.0",
          "bundled": true
        }
      }
    },
    "@cfn-modules/vpc": {
      "version": "1.3.1",
      "resolved": "https://registry.npmjs.org/@cfn-modules/vpc/-/vpc-1.3.1.tgz",
      "integrity": "sha512-IraP3h3OUJ81092LIMlSIydSQ4j4bkv3KjI9R13GBxsYEnVTA23SJN1Ezn8RNLg+nLbiSROR7Iweoyv0ydseOA==",
      "requires": {
        "@cfn-modules/vpc-flow-log": "*",
        "@cfn-modules/vpc-nat-gateway": "*",
        "@cfn-modules/vpc-plain": "*",
        "@cfn-modules/vpc-subnet": "*"
      },
      "dependencies": {
        "@cfn-modules/vpc-flow-log": {
          "version": "1.1.0",
          "bundled": true
        },
        "@cfn-modules/vpc-nat-gateway": {
          "version": "1.1.1",
          "bundled": true
        },
        "@cfn-modules/vpc-plain": {
          "version": "1.0.0",
          "bundled": true
        },
        "@cfn-modules/vpc-subnet": {
          "version": "1.0.0",
          "bundled": true
        }
      }
    }
  }
}
