{
  "name": "cfn-modules-ec2-postgres-example",
  "version": "1.0.0",
  "lockfileVersion": 2,
  "requires": true,
  "packages": {
    "": {
      "name": "cfn-modules-ec2-postgres-example",
      "version": "1.0.0",
      "license": "Apache-2.0",
      "dependencies": {
        "@cfn-modules/alerting": "1.2.2",
        "@cfn-modules/client-sg": "1.0.0",
        "@cfn-modules/ec2-instance-amazon-linux": "2.4.0",
        "@cfn-modules/rds-postgres": "2.4.2",
        "@cfn-modules/vpc": "2.3.0"
      }
    },
    "node_modules/@cfn-modules/alerting": {
      "version": "1.2.2",
      "resolved": "https://registry.npmjs.org/@cfn-modules/alerting/-/alerting-1.2.2.tgz",
      "integrity": "sha512-IcATzZdaYtjuiwuxFG0hNoTXn33T5Zkgf6P97P8LW59dgYTbmcuT4Vo5xgTnyPGrcbB+V0eHFpFtpiT1JDhU5w=="
    },
    "node_modules/@cfn-modules/client-sg": {
      "version": "1.0.0",
      "resolved": "https://registry.npmjs.org/@cfn-modules/client-sg/-/client-sg-1.0.0.tgz",
      "integrity": "sha512-onauCbqqXYn/coJhdwvpcZU8XK9WZwA66AChsSQwSBBj+JLvByTXXRep7x/hWL11JQ7eIjOuDKsF8GK1D22Tjw=="
    },
    "node_modules/@cfn-modules/ec2-instance-amazon-linux": {
      "version": "2.4.0",
      "resolved": "https://registry.npmjs.org/@cfn-modules/ec2-instance-amazon-linux/-/ec2-instance-amazon-linux-2.4.0.tgz",
      "integrity": "sha512-goPxpZ+viDjj7JfQ0ssktRZbOvQFsW7ZjIuu9Xu0BVp1gxL4I8LW1P1mJfdKPp1QxnTUB44l+ciI3lVm8MhRrw=="
    },
    "node_modules/@cfn-modules/rds-postgres": {
      "version": "2.4.2",
      "resolved": "https://registry.npmjs.org/@cfn-modules/rds-postgres/-/rds-postgres-2.4.2.tgz",
      "integrity": "sha512-8oZm/UjDf5tRre4CnbwovXh8Y/+mKfqbEANUSAqaCbjvQHJNLKax+JAdww2c8WV8RlRMKbZDrpCtMG0Eu5RX9Q==",
      "bundleDependencies": [
        "@cfn-modules/rds-instance"
      ],
      "license": "Apache-2.0",
      "dependencies": {
        "@cfn-modules/rds-instance": "1.5.0"
      }
    },
    "node_modules/@cfn-modules/vpc": {
      "version": "2.3.0",
      "resolved": "https://registry.npmjs.org/@cfn-modules/vpc/-/vpc-2.3.0.tgz",
      "integrity": "sha512-vdGOrOvPon0A2D1XJAFn7oB6FKO25474kAjyhMS1NGAsEXGuiXBf916kwVOvZE9aMyBPQrdzUYHZHvBPnJnpfA==",
      "bundleDependencies": [
        "@cfn-modules/vpc-flow-log",
        "@cfn-modules/vpc-nat-gateway",
        "@cfn-modules/vpc-plain",
        "@cfn-modules/vpc-subnet"
      ],
      "dependencies": {
        "@cfn-modules/vpc-flow-log": "2.0.0",
        "@cfn-modules/vpc-nat-gateway": "2.0.0",
        "@cfn-modules/vpc-plain": "2.0.1",
        "@cfn-modules/vpc-subnet": "2.1.0"
      }
    },
    "node_modules/@cfn-modules/vpc/node_modules/@cfn-modules/vpc-flow-log": {
      "version": "2.0.0",
      "inBundle": true,
      "license": "Apache-2.0"
    },
    "node_modules/@cfn-modules/vpc/node_modules/@cfn-modules/vpc-nat-gateway": {
      "version": "2.0.0",
      "inBundle": true,
      "license": "Apache-2.0"
    },
    "node_modules/@cfn-modules/vpc/node_modules/@cfn-modules/vpc-plain": {
      "version": "2.0.1",
      "inBundle": true,
      "license": "Apache-2.0"
    },
    "node_modules/@cfn-modules/vpc/node_modules/@cfn-modules/vpc-subnet": {
      "version": "2.1.0",
      "inBundle": true,
      "license": "Apache-2.0"
    }
  },
  "dependencies": {
    "@cfn-modules/alerting": {
      "version": "1.2.2",
      "resolved": "https://registry.npmjs.org/@cfn-modules/alerting/-/alerting-1.2.2.tgz",
      "integrity": "sha512-IcATzZdaYtjuiwuxFG0hNoTXn33T5Zkgf6P97P8LW59dgYTbmcuT4Vo5xgTnyPGrcbB+V0eHFpFtpiT1JDhU5w=="
    },
    "@cfn-modules/client-sg": {
      "version": "1.0.0",
      "resolved": "https://registry.npmjs.org/@cfn-modules/client-sg/-/client-sg-1.0.0.tgz",
      "integrity": "sha512-onauCbqqXYn/coJhdwvpcZU8XK9WZwA66AChsSQwSBBj+JLvByTXXRep7x/hWL11JQ7eIjOuDKsF8GK1D22Tjw=="
    },
    "@cfn-modules/ec2-instance-amazon-linux": {
      "version": "2.4.0",
      "resolved": "https://registry.npmjs.org/@cfn-modules/ec2-instance-amazon-linux/-/ec2-instance-amazon-linux-2.4.0.tgz",
      "integrity": "sha512-goPxpZ+viDjj7JfQ0ssktRZbOvQFsW7ZjIuu9Xu0BVp1gxL4I8LW1P1mJfdKPp1QxnTUB44l+ciI3lVm8MhRrw=="
    },
    "@cfn-modules/rds-postgres": {
      "version": "2.4.2",
      "resolved": "https://registry.npmjs.org/@cfn-modules/rds-postgres/-/rds-postgres-2.4.2.tgz",
      "integrity": "sha512-8oZm/UjDf5tRre4CnbwovXh8Y/+mKfqbEANUSAqaCbjvQHJNLKax+JAdww2c8WV8RlRMKbZDrpCtMG0Eu5RX9Q==",
      "requires": {
        "@cfn-modules/rds-instance": "1.5.0"
      }
    },
    "@cfn-modules/vpc": {
      "version": "2.3.0",
      "resolved": "https://registry.npmjs.org/@cfn-modules/vpc/-/vpc-2.3.0.tgz",
      "integrity": "sha512-vdGOrOvPon0A2D1XJAFn7oB6FKO25474kAjyhMS1NGAsEXGuiXBf916kwVOvZE9aMyBPQrdzUYHZHvBPnJnpfA==",
      "requires": {
        "@cfn-modules/vpc-flow-log": "2.0.0",
        "@cfn-modules/vpc-nat-gateway": "2.0.0",
        "@cfn-modules/vpc-plain": "2.0.1",
        "@cfn-modules/vpc-subnet": "2.1.0"
      },
      "dependencies": {
        "@cfn-modules/vpc-flow-log": {
          "version": "2.0.0",
          "bundled": true
        },
        "@cfn-modules/vpc-nat-gateway": {
          "version": "2.0.0",
          "bundled": true
        },
        "@cfn-modules/vpc-plain": {
          "version": "2.0.1",
          "bundled": true
        },
        "@cfn-modules/vpc-subnet": {
          "version": "2.1.0",
          "bundled": true
        }
      }
    }
  }
}
