{
  "name": "cfn-modules-ec2-postgres-example",
  "version": "0.0.0",
  "lockfileVersion": 1,
  "requires": true,
  "dependencies": {
    "@cfn-modules/client-sg": {
      "version": "1.0.0",
      "resolved": "https://registry.npmjs.org/@cfn-modules/client-sg/-/client-sg-1.0.0.tgz",
      "integrity": "sha512-onauCbqqXYn/coJhdwvpcZU8XK9WZwA66AChsSQwSBBj+JLvByTXXRep7x/hWL11JQ7eIjOuDKsF8GK1D22Tjw=="
    },
    "@cfn-modules/ec2-instance-amazon-linux": {
      "version": "1.3.0",
      "resolved": "https://registry.npmjs.org/@cfn-modules/ec2-instance-amazon-linux/-/ec2-instance-amazon-linux-1.3.0.tgz",
      "integrity": "sha512-qNOtPETbP7PDE2WVT4sJcNDgk3s0uLt90udtMHo5xp0HjM5J1GDwNCc4R2kDS+EOcHSxj+0X7jyTQy01y0au0g=="
    },
    "@cfn-modules/rds-postgres": {
      "version": "1.0.0",
      "resolved": "https://registry.npmjs.org/@cfn-modules/rds-postgres/-/rds-postgres-1.0.0.tgz",
      "integrity": "sha512-RE/S71X2F6ZB1mykuoEyE+XaXgQivITYd7945wtvCHUr4vTyaEpMBqZhX79MxneiyNwlBE2dNRFGZ5scHdwoag==",
      "requires": {
        "@cfn-modules/rds-instance": "*"
      },
      "dependencies": {
        "@cfn-modules/rds-instance": {
          "version": "1.0.0",
          "bundled": true
        }
      }
    },
    "@cfn-modules/vpc": {
      "version": "1.1.0",
      "resolved": "https://registry.npmjs.org/@cfn-modules/vpc/-/vpc-1.1.0.tgz",
      "integrity": "sha512-c0xtZfd/2Bjo5ZttAmHfZzCcdDTUMEnYj6OpraO070U2ElcBzFA+07mhRgMxiivMbqDWp7zcVRZT88RTECHH+Q==",
      "requires": {
        "@cfn-modules/vpc-flow-log": "*",
        "@cfn-modules/vpc-nat-gateway": "*",
        "@cfn-modules/vpc-plain": "*",
        "@cfn-modules/vpc-subnet": "*"
      },
      "dependencies": {
        "@cfn-modules/vpc-flow-log": {
          "version": "1.1.0",
          "bundled": true
        },
        "@cfn-modules/vpc-nat-gateway": {
          "version": "1.0.0",
          "bundled": true
        },
        "@cfn-modules/vpc-plain": {
          "version": "1.0.0",
          "bundled": true
        },
        "@cfn-modules/vpc-subnet": {
          "version": "1.0.0",
          "bundled": true
        }
      }
    }
  }
}
