{
  "name": "cfn-modules-ec2-postgres-example",
  "version": "1.0.0",
  "lockfileVersion": 2,
  "requires": true,
  "packages": {
    "": {
      "name": "cfn-modules-ec2-postgres-example",
      "version": "1.0.0",
      "license": "Apache-2.0",
      "dependencies": {
        "@cfn-modules/alerting": "1.2.2",
        "@cfn-modules/client-sg": "1.0.0",
        "@cfn-modules/ec2-instance-amazon-linux": "2.4.0",
        "@cfn-modules/rds-postgres": "1.4.0",
        "@cfn-modules/vpc": "1.3.2"
      }
    },
    "node_modules/@cfn-modules/alerting": {
      "version": "1.2.2",
      "resolved": "https://registry.npmjs.org/@cfn-modules/alerting/-/alerting-1.2.2.tgz",
      "integrity": "sha512-IcATzZdaYtjuiwuxFG0hNoTXn33T5Zkgf6P97P8LW59dgYTbmcuT4Vo5xgTnyPGrcbB+V0eHFpFtpiT1JDhU5w=="
    },
    "node_modules/@cfn-modules/client-sg": {
      "version": "1.0.0",
      "resolved": "https://registry.npmjs.org/@cfn-modules/client-sg/-/client-sg-1.0.0.tgz",
      "integrity": "sha512-onauCbqqXYn/coJhdwvpcZU8XK9WZwA66AChsSQwSBBj+JLvByTXXRep7x/hWL11JQ7eIjOuDKsF8GK1D22Tjw=="
    },
    "node_modules/@cfn-modules/ec2-instance-amazon-linux": {
      "version": "2.4.0",
      "resolved": "https://registry.npmjs.org/@cfn-modules/ec2-instance-amazon-linux/-/ec2-instance-amazon-linux-2.4.0.tgz",
      "integrity": "sha512-goPxpZ+viDjj7JfQ0ssktRZbOvQFsW7ZjIuu9Xu0BVp1gxL4I8LW1P1mJfdKPp1QxnTUB44l+ciI3lVm8MhRrw=="
    },
    "node_modules/@cfn-modules/rds-postgres": {
      "version": "1.4.0",
      "resolved": "https://registry.npmjs.org/@cfn-modules/rds-postgres/-/rds-postgres-1.4.0.tgz",
      "integrity": "sha512-6ZhKWl/FSSp1suWg8bPEBHjm0IXNnHJ+fTki8Ngy26rXK10F5Vd/CQEilr06DZF/tItHwYaDFvV3o2Ti7f+tfw==",
      "bundleDependencies": [
        "@cfn-modules/rds-instance"
      ],
      "dependencies": {
        "@cfn-modules/rds-instance": "*"
      }
    },
    "node_modules/@cfn-modules/rds-postgres/node_modules/@cfn-modules/rds-instance": {
      "version": "1.2.0",
      "inBundle": true,
      "license": "Apache-2.0"
    },
    "node_modules/@cfn-modules/vpc": {
      "version": "1.3.2",
      "resolved": "https://registry.npmjs.org/@cfn-modules/vpc/-/vpc-1.3.2.tgz",
      "integrity": "sha512-zZkUHAdot8QLobbdT0yLcooRpeJLKJEu0fhVLeDOntkikaAA9MrE/OEke310u8gCYh+hmRrzPcaSzj+h9oPenA==",
      "bundleDependencies": [
        "@cfn-modules/vpc-flow-log",
        "@cfn-modules/vpc-nat-gateway",
        "@cfn-modules/vpc-plain",
        "@cfn-modules/vpc-subnet"
      ],
      "dependencies": {
        "@cfn-modules/vpc-flow-log": "*",
        "@cfn-modules/vpc-nat-gateway": "*",
        "@cfn-modules/vpc-plain": "*",
        "@cfn-modules/vpc-subnet": "*"
      }
    },
    "node_modules/@cfn-modules/vpc/node_modules/@cfn-modules/vpc-flow-log": {
      "version": "1.1.0",
      "inBundle": true,
      "license": "Apache-2.0"
    },
    "node_modules/@cfn-modules/vpc/node_modules/@cfn-modules/vpc-nat-gateway": {
      "version": "1.1.2",
      "inBundle": true,
      "license": "Apache-2.0"
    },
    "node_modules/@cfn-modules/vpc/node_modules/@cfn-modules/vpc-plain": {
      "version": "1.0.0",
      "inBundle": true,
      "license": "Apache-2.0"
    },
    "node_modules/@cfn-modules/vpc/node_modules/@cfn-modules/vpc-subnet": {
      "version": "1.0.0",
      "inBundle": true,
      "license": "Apache-2.0"
    }
  },
  "dependencies": {
    "@cfn-modules/alerting": {
      "version": "1.2.2",
      "resolved": "https://registry.npmjs.org/@cfn-modules/alerting/-/alerting-1.2.2.tgz",
      "integrity": "sha512-IcATzZdaYtjuiwuxFG0hNoTXn33T5Zkgf6P97P8LW59dgYTbmcuT4Vo5xgTnyPGrcbB+V0eHFpFtpiT1JDhU5w=="
    },
    "@cfn-modules/client-sg": {
      "version": "1.0.0",
      "resolved": "https://registry.npmjs.org/@cfn-modules/client-sg/-/client-sg-1.0.0.tgz",
      "integrity": "sha512-onauCbqqXYn/coJhdwvpcZU8XK9WZwA66AChsSQwSBBj+JLvByTXXRep7x/hWL11JQ7eIjOuDKsF8GK1D22Tjw=="
    },
    "@cfn-modules/ec2-instance-amazon-linux": {
      "version": "2.4.0",
      "resolved": "https://registry.npmjs.org/@cfn-modules/ec2-instance-amazon-linux/-/ec2-instance-amazon-linux-2.4.0.tgz",
      "integrity": "sha512-goPxpZ+viDjj7JfQ0ssktRZbOvQFsW7ZjIuu9Xu0BVp1gxL4I8LW1P1mJfdKPp1QxnTUB44l+ciI3lVm8MhRrw=="
    },
    "@cfn-modules/rds-postgres": {
      "version": "1.4.0",
      "resolved": "https://registry.npmjs.org/@cfn-modules/rds-postgres/-/rds-postgres-1.4.0.tgz",
      "integrity": "sha512-6ZhKWl/FSSp1suWg8bPEBHjm0IXNnHJ+fTki8Ngy26rXK10F5Vd/CQEilr06DZF/tItHwYaDFvV3o2Ti7f+tfw==",
      "requires": {
        "@cfn-modules/rds-instance": "*"
      },
      "dependencies": {
        "@cfn-modules/rds-instance": {
          "version": "1.2.0",
          "bundled": true
        }
      }
    },
    "@cfn-modules/vpc": {
      "version": "1.3.2",
      "resolved": "https://registry.npmjs.org/@cfn-modules/vpc/-/vpc-1.3.2.tgz",
      "integrity": "sha512-zZkUHAdot8QLobbdT0yLcooRpeJLKJEu0fhVLeDOntkikaAA9MrE/OEke310u8gCYh+hmRrzPcaSzj+h9oPenA==",
      "requires": {
        "@cfn-modules/vpc-flow-log": "*",
        "@cfn-modules/vpc-nat-gateway": "*",
        "@cfn-modules/vpc-plain": "*",
        "@cfn-modules/vpc-subnet": "*"
      },
      "dependencies": {
        "@cfn-modules/vpc-flow-log": {
          "version": "1.1.0",
          "bundled": true
        },
        "@cfn-modules/vpc-nat-gateway": {
          "version": "1.1.2",
          "bundled": true
        },
        "@cfn-modules/vpc-plain": {
          "version": "1.0.0",
          "bundled": true
        },
        "@cfn-modules/vpc-subnet": {
          "version": "1.0.0",
          "bundled": true
        }
      }
    }
  }
}
