{
  "name": "cfn-modules-ec2-ssh-bastion-example",
  "version": "1.0.0",
  "lockfileVersion": 1,
  "requires": true,
  "dependencies": {
    "@cfn-modules/alerting": {
      "version": "1.2.0",
      "resolved": "https://registry.npmjs.org/@cfn-modules/alerting/-/alerting-1.2.0.tgz",
      "integrity": "sha512-k1j5uocjzDIMZ4waEVmxsLgJzysFeOb9ibWOEKxKXT7lRceFbNSmv/6cx2Qpc61HagCoCpK6Hrv11n2XPaec/g=="
    },
    "@cfn-modules/ec2-instance-amazon-linux": {
      "version": "2.2.0",
      "resolved": "https://registry.npmjs.org/@cfn-modules/ec2-instance-amazon-linux/-/ec2-instance-amazon-linux-2.2.0.tgz",
      "integrity": "sha512-buf93zArXlah7FCNtnpiR1gvLi0A+JIdhNUthTV+TYNA+HmQKARZbd6Td/+6C+6qkHjeiGK7tQmn6yNUoCYt8Q=="
    },
    "@cfn-modules/route53-hosted-zone-public": {
      "version": "1.0.0",
      "resolved": "https://registry.npmjs.org/@cfn-modules/route53-hosted-zone-public/-/route53-hosted-zone-public-1.0.0.tgz",
      "integrity": "sha512-jB/k5gEQn0cMEPSCD7UU+MwYFyLZqNwsZ1JqZSS+8yzhbnZHURJOWodUETS28gpWv+4L7kSTIgLF1eeq/oHY8Q=="
    },
    "@cfn-modules/ssh-bastion": {
      "version": "1.4.3",
      "resolved": "https://registry.npmjs.org/@cfn-modules/ssh-bastion/-/ssh-bastion-1.4.3.tgz",
      "integrity": "sha512-6G1jg0p+oxWCY0qApBKaqB8UflMiutqP+euKTCI9qfEP3TL2XhC2XaBNPrD7B7JBVnNGYvMPDNNj7F8pI2nuuQ=="
    },
    "@cfn-modules/vpc": {
      "version": "1.1.1",
      "resolved": "https://registry.npmjs.org/@cfn-modules/vpc/-/vpc-1.1.1.tgz",
      "integrity": "sha512-b3zhci0dnHGTiFO7DaOb7a9nId2wAoRH5jnViPTrUlHBKEKOGu+9u7W+j/oMgaJRT4sNJ3AqPMgj535Dd90q6Q==",
      "requires": {
        "@cfn-modules/vpc-flow-log": "*",
        "@cfn-modules/vpc-nat-gateway": "*",
        "@cfn-modules/vpc-plain": "*",
        "@cfn-modules/vpc-subnet": "*"
      },
      "dependencies": {
        "@cfn-modules/vpc-flow-log": {
          "version": "1.1.0",
          "bundled": true
        },
        "@cfn-modules/vpc-nat-gateway": {
          "version": "1.0.0",
          "bundled": true
        },
        "@cfn-modules/vpc-plain": {
          "version": "1.0.0",
          "bundled": true
        },
        "@cfn-modules/vpc-subnet": {
          "version": "1.0.0",
          "bundled": true
        }
      }
    }
  }
}
