{
  "name": "cfn-modules-ec2-ssh-bastion-example",
  "version": "0.0.0",
  "lockfileVersion": 1,
  "requires": true,
  "dependencies": {
    "@cfn-modules/alerting": {
      "version": "1.0.0",
      "resolved": "https://registry.npmjs.org/@cfn-modules/alerting/-/alerting-1.0.0.tgz",
      "integrity": "sha512-g8I4aloPil02Go38MDXpD++tkFuCtYLeoMJP545SSg2HxapTwaDGsz8KVvtlO1B5zWdmlYQzNnJGvdBOMbdx9A=="
    },
    "@cfn-modules/ec2-instance-amazon-linux": {
      "version": "1.3.0",
      "resolved": "https://registry.npmjs.org/@cfn-modules/ec2-instance-amazon-linux/-/ec2-instance-amazon-linux-1.3.0.tgz",
      "integrity": "sha512-qNOtPETbP7PDE2WVT4sJcNDgk3s0uLt90udtMHo5xp0HjM5J1GDwNCc4R2kDS+EOcHSxj+0X7jyTQy01y0au0g=="
    },
    "@cfn-modules/route53-hosted-zone-public": {
      "version": "1.0.0",
      "resolved": "https://registry.npmjs.org/@cfn-modules/route53-hosted-zone-public/-/route53-hosted-zone-public-1.0.0.tgz",
      "integrity": "sha512-jB/k5gEQn0cMEPSCD7UU+MwYFyLZqNwsZ1JqZSS+8yzhbnZHURJOWodUETS28gpWv+4L7kSTIgLF1eeq/oHY8Q=="
    },
    "@cfn-modules/ssh-bastion": {
      "version": "1.3.0",
      "resolved": "https://registry.npmjs.org/@cfn-modules/ssh-bastion/-/ssh-bastion-1.3.0.tgz",
      "integrity": "sha512-VFWG7g1fUxJLKmEA871WMmxkWFz3es8dILec9jIKUZI2XrSjhb0KgYE8a6BD/odSaradCdufoQLTZD0rKSwrIQ=="
    },
    "@cfn-modules/vpc": {
      "version": "1.1.0",
      "resolved": "https://registry.npmjs.org/@cfn-modules/vpc/-/vpc-1.1.0.tgz",
      "integrity": "sha512-c0xtZfd/2Bjo5ZttAmHfZzCcdDTUMEnYj6OpraO070U2ElcBzFA+07mhRgMxiivMbqDWp7zcVRZT88RTECHH+Q==",
      "requires": {
        "@cfn-modules/vpc-flow-log": "*",
        "@cfn-modules/vpc-nat-gateway": "*",
        "@cfn-modules/vpc-plain": "*",
        "@cfn-modules/vpc-subnet": "*"
      },
      "dependencies": {
        "@cfn-modules/vpc-flow-log": {
          "version": "1.1.0",
          "bundled": true
        },
        "@cfn-modules/vpc-nat-gateway": {
          "version": "1.0.0",
          "bundled": true
        },
        "@cfn-modules/vpc-plain": {
          "version": "1.0.0",
          "bundled": true
        },
        "@cfn-modules/vpc-subnet": {
          "version": "1.0.0",
          "bundled": true
        }
      }
    }
  }
}
