{
  "name": "cfn-modules-ec2-ssh-bastion-example",
  "version": "0.0.0",
  "lockfileVersion": 1,
  "requires": true,
  "dependencies": {
    "@cfn-modules/alerting": {
      "version": "0.0.5",
      "resolved": "https://registry.npmjs.org/@cfn-modules/alerting/-/alerting-0.0.5.tgz",
      "integrity": "sha512-gdvzIDHTQtW39tT+CXiUFKiCnIGJKgYNrWLeomJdnnIC3I7c4m6H49B2UPYbZw4aqqcNuKvA10ZO6VO3uZBxFg=="
    },
    "@cfn-modules/ec2-instance-amazon-linux": {
      "version": "0.0.17",
      "resolved": "https://registry.npmjs.org/@cfn-modules/ec2-instance-amazon-linux/-/ec2-instance-amazon-linux-0.0.17.tgz",
      "integrity": "sha512-Pp6kguFbA32JRbe9JaLm1IRI7tQ3oCyCM1YCVBcU2Sv+yEt0rHQF8fjBzdUtcs0PU2ByDsObYrXZxImlV2GDxQ=="
    },
    "@cfn-modules/route53-hosted-zone-public": {
      "version": "0.0.4",
      "resolved": "https://registry.npmjs.org/@cfn-modules/route53-hosted-zone-public/-/route53-hosted-zone-public-0.0.4.tgz",
      "integrity": "sha512-/fYlRxqVponWAFWhi74itqWVqQ1GEu8C0LNS6y0qKO9YK4eDDW1QFoqnOFDwOCVtdwQSxu8EY6LfDZSSE/DnAg=="
    },
    "@cfn-modules/ssh-bastion": {
      "version": "0.0.5",
      "resolved": "https://registry.npmjs.org/@cfn-modules/ssh-bastion/-/ssh-bastion-0.0.5.tgz",
      "integrity": "sha512-eDv9sHfOa4JVOHSHxY16iw7PFsX2wETcco3M3LLyoMPBbtLNsLQ+qKQZMtwbAN5Zz/F1qP3mu3L9+gE+1sGOVg=="
    },
    "@cfn-modules/vpc": {
      "version": "0.0.30",
      "resolved": "https://registry.npmjs.org/@cfn-modules/vpc/-/vpc-0.0.30.tgz",
      "integrity": "sha512-uzLTiuGmUrc0Hpqd9z0FFkdq3zpS1UgrBiNHVULKgllI5Fq2CoODc+41BulbPTyyJDsqac08rpR29Zs8ADPCyw==",
      "requires": {
        "@cfn-modules/vpc-flow-log": "0.0.5",
        "@cfn-modules/vpc-nat-gateway": "0.0.4",
        "@cfn-modules/vpc-plain": "0.0.6",
        "@cfn-modules/vpc-subnet": "0.0.10"
      },
      "dependencies": {
        "@cfn-modules/vpc-flow-log": {
          "version": "0.0.5",
          "bundled": true
        },
        "@cfn-modules/vpc-nat-gateway": {
          "version": "0.0.4",
          "bundled": true
        },
        "@cfn-modules/vpc-plain": {
          "version": "0.0.6",
          "bundled": true
        },
        "@cfn-modules/vpc-subnet": {
          "version": "0.0.10",
          "bundled": true
        }
      }
    }
  }
}
