{
  "name": "cfn-modules-ec2-ssm-example",
  "version": "0.0.0",
  "lockfileVersion": 1,
  "requires": true,
  "dependencies": {
    "@cfn-modules/ec2-instance-amazon-linux2": {
      "version": "1.0.0",
      "resolved": "https://registry.npmjs.org/@cfn-modules/ec2-instance-amazon-linux2/-/ec2-instance-amazon-linux2-1.0.0.tgz",
      "integrity": "sha512-NIPAJB3UbXnQyqMuTq8YAPuLJES/5UXyBkGUQDioZ44wMzfD/q6+M+oUH4luhQoX0O1isnE6qlyOmL12mZi9vQ=="
    },
    "@cfn-modules/vpc": {
      "version": "1.0.0",
      "resolved": "https://registry.npmjs.org/@cfn-modules/vpc/-/vpc-1.0.0.tgz",
      "integrity": "sha512-ZMfORSR30UUNpD2/wO7VQKEFxjQagYac7rmuaSe3i+bghn6moyAvQcdfEwUkiS9joKoqAAhRLlQNuFnVk6qbdg==",
      "requires": {
        "@cfn-modules/vpc-flow-log": "*",
        "@cfn-modules/vpc-nat-gateway": "*",
        "@cfn-modules/vpc-plain": "*",
        "@cfn-modules/vpc-subnet": "*"
      },
      "dependencies": {
        "@cfn-modules/vpc-flow-log": {
          "version": "1.0.0",
          "bundled": true
        },
        "@cfn-modules/vpc-nat-gateway": {
          "version": "1.0.0",
          "bundled": true
        },
        "@cfn-modules/vpc-plain": {
          "version": "1.0.0",
          "bundled": true
        },
        "@cfn-modules/vpc-subnet": {
          "version": "1.0.0",
          "bundled": true
        }
      }
    }
  }
}
