{
  "name": "cfn-modules-ec2-ssm-example",
  "version": "1.0.0",
  "lockfileVersion": 1,
  "requires": true,
  "dependencies": {
    "@cfn-modules/alerting": {
      "version": "1.2.0",
      "resolved": "https://registry.npmjs.org/@cfn-modules/alerting/-/alerting-1.2.0.tgz",
      "integrity": "sha512-k1j5uocjzDIMZ4waEVmxsLgJzysFeOb9ibWOEKxKXT7lRceFbNSmv/6cx2Qpc61HagCoCpK6Hrv11n2XPaec/g=="
    },
    "@cfn-modules/ec2-instance-amazon-linux2": {
      "version": "2.4.0",
      "resolved": "https://registry.npmjs.org/@cfn-modules/ec2-instance-amazon-linux2/-/ec2-instance-amazon-linux2-2.4.0.tgz",
      "integrity": "sha512-kxtbpfPW/FW5OxLmZV8rzLV/g0maeXCPi4ZyAQjMjIeR2+t1iXGPkKuQkNoCR3KL9IVHCtz4L7FyBeup+Pyg/g=="
    },
    "@cfn-modules/vpc": {
      "version": "1.3.0",
      "resolved": "https://registry.npmjs.org/@cfn-modules/vpc/-/vpc-1.3.0.tgz",
      "integrity": "sha512-EqTbS1zT+3B+ZjANv5z8QfMMIKl1beSTY084jIyW+bSy9I61Okwh+6ULJ7QPFKlEvrLLHhOLczUwe+TwmLAFWA==",
      "requires": {
        "@cfn-modules/vpc-flow-log": "*",
        "@cfn-modules/vpc-nat-gateway": "*",
        "@cfn-modules/vpc-plain": "*",
        "@cfn-modules/vpc-subnet": "*"
      },
      "dependencies": {
        "@cfn-modules/vpc-flow-log": {
          "version": "1.1.0",
          "bundled": true
        },
        "@cfn-modules/vpc-nat-gateway": {
          "version": "1.1.0",
          "bundled": true
        },
        "@cfn-modules/vpc-plain": {
          "version": "1.0.0",
          "bundled": true
        },
        "@cfn-modules/vpc-subnet": {
          "version": "1.0.0",
          "bundled": true
        }
      }
    }
  }
}
